
Microsoft Visual Studio Solution File, Format Version 12.00
# Visual Studio Version 17
VisualStudioVersion = 17.13.35825.156
MinimumVisualStudioVersion = 10.0.40219.1
Project("{2150E333-8FDC-42A3-9474-1A3956D46DE8}") = "Chapter01", "Chapter01", "{DDB4EF12-CC4E-5E88-E6FC-71A802F4DE97}"
EndProject
Project("{FAE04EC0-301F-11D3-BF4B-00C04F79EFBC}") = "ProductSample", "Chapter01\ProductSample\ProductSample.csproj", "{49E154F5-4D6B-45B4-9559-A4FDF9761B99}"
EndProject
Project("{2150E333-8FDC-42A3-9474-1A3956D46DE8}") = "Chapter02", "Chapter02", "{6DE6386A-338F-43E5-9C5D-96D0C9412852}"
EndProject
Project("{FAE04EC0-301F-11D3-BF4B-00C04F79EFBC}") = "DistanceConverter", "Chapter02\DistanceConverter\DistanceConverter.csproj", "{C864BD01-9183-47E9-8BAA-352443FD9E5C}"
EndProject
Project("{2150E333-8FDC-42A3-9474-1A3956D46DE8}") = "演習問題", "演習問題", "{C7F6B1C5-8A38-4012-A596-0FF284E17E24}"
EndProject
Project("{FAE04EC0-301F-11D3-BF4B-00C04F79EFBC}") = "Excercise02", "Chapter02\演習問題\Excercise02\Excercise02.csproj", "{C403C348-4CDF-432A-9E62-8020823CAD9D}"
EndProject
Project("{2150E333-8FDC-42A3-9474-1A3956D46DE8}") = "距離換算プログラム", "距離換算プログラム", "{CF48723F-369A-4E13-9F8E-A136E2C3EF43}"
EndProject
Project("{2150E333-8FDC-42A3-9474-1A3956D46DE8}") = "FormApps", "FormApps", "{B2A6E2D4-7F15-4489-9DF6-CBDC3B2AFC55}"
EndProject
Project("{FAE04EC0-301F-11D3-BF4B-00C04F79EFBC}") = "UnitConverter", "FormApps\UnitConverter\UnitConverter.csproj", "{D403557F-039B-48D3-A70F-C7DBD9B00D41}"
EndProject
Project("{FAE04EC0-301F-11D3-BF4B-00C04F79EFBC}") = "StopWatch", "FormApps\StopWatch\StopWatch.csproj", "{44F15A54-8F72-4207-B2B7-0E497CD750C5}"
EndProject
Project("{2150E333-8FDC-42A3-9474-1A3956D46DE8}") = "売り上げ集計プログラム", "売り上げ集計プログラム", "{DB30E701-5648-4905-A4C9-904607B801F7}"
EndProject
Project("{FAE04EC0-301F-11D3-BF4B-00C04F79EFBC}") = "SalesCalkulator", "Chapter02\SalesCalkulator\SalesCalkulator.csproj", "{D2D96AF2-1036-482E-B85E-DA83D67F9EC3}"
EndProject
Project("{FAE04EC0-301F-11D3-BF4B-00C04F79EFBC}") = "Exercise01", "Chapter02\演習問題\Exercise01\Exercise01.csproj", "{CD12F079-0B30-4E65-8B97-8308A72587F5}"
EndProject
Project("{2150E333-8FDC-42A3-9474-1A3956D46DE8}") = "Chapter03", "Chapter03", "{D6EE4890-41F6-4F0A-8972-1B817E1651C8}"
EndProject
Project("{FAE04EC0-301F-11D3-BF4B-00C04F79EFBC}") = "Section01", "Chapter03\Section01\Section01.csproj", "{C0EABEAB-D2C9-4F96-9585-575E157DF8C1}"
EndProject
Project("{2150E333-8FDC-42A3-9474-1A3956D46DE8}") = "演習問題", "演習問題", "{0306EB0E-E682-4B87-97C8-EE88DD5A23E3}"
EndProject
Project("{FAE04EC0-301F-11D3-BF4B-00C04F79EFBC}") = "Exercise02", "Chapter03\演習問題\Exercise02\Exercise02.csproj", "{CF4152D5-704C-475D-AE25-9E09BED27C5F}"
EndProject
Project("{FAE04EC0-301F-11D3-BF4B-00C04F79EFBC}") = "Section04", "Chapter03\Section04\Section04.csproj", "{45AF751B-AA60-4BA1-9CF2-698668F233EB}"
EndProject
Project("{FAE04EC0-301F-11D3-BF4B-00C04F79EFBC}") = "Exrcise01", "Chapter03\演習問題\Exrcise02\Exrcise01.csproj", "{875272D3-8C21-4C32-BF25-EE7987E3479D}"
EndProject
Project("{2150E333-8FDC-42A3-9474-1A3956D46DE8}") = "Chapter04", "Chapter04", "{5BA11016-1F68-49C8-B659-A68AAEEBA063}"
EndProject
Project("{FAE04EC0-301F-11D3-BF4B-00C04F79EFBC}") = "Section04", "Chapter04\Section04\Section04.csproj", "{D3F68FB2-D83B-44B6-95EE-DC9963E82611}"
EndProject
Project("{2150E333-8FDC-42A3-9474-1A3956D46DE8}") = "演習問題", "演習問題", "{0D77FEEE-840B-4732-A7A8-05563A1A5B01}"
EndProject
Project("{FAE04EC0-301F-11D3-BF4B-00C04F79EFBC}") = "Exercise01", "Chapter04\演習問題\Exercise01\Exercise01.csproj", "{9FC4A7CD-193A-48FF-86E8-5D9735A923AA}"
EndProject
Project("{FAE04EC0-301F-11D3-BF4B-00C04F79EFBC}") = "Exercise02", "Chapter04\演習問題\Exercise02\Exercise02.csproj", "{C0173770-1F48-4249-9446-C8EB8ADF4876}"
EndProject
Project("{2150E333-8FDC-42A3-9474-1A3956D46DE8}") = "LINQ", "LINQ", "{540A7FEB-EE34-4369-AD47-92A756306AB0}"
EndProject
Project("{FAE04EC0-301F-11D3-BF4B-00C04F79EFBC}") = "LinqSample", "LINQ\LinqSample\LinqSample.csproj", "{92402CAB-E383-41C0-B32F-AD5180156571}"
EndProject
Project("{2150E333-8FDC-42A3-9474-1A3956D46DE8}") = "Chapter07", "Chapter07", "{DBE986A2-9E86-4B38-B51C-733378D9ED3D}"
EndProject
Project("{2150E333-8FDC-42A3-9474-1A3956D46DE8}") = "演習問題", "演習問題", "{B4C577A6-6155-4428-982A-87F01205F3B1}"
EndProject
Project("{FAE04EC0-301F-11D3-BF4B-00C04F79EFBC}") = "Exercise01", "Chapter07\演習問題\Exercise01\Exercise01.csproj", "{F8B61EE1-3826-470E-83F0-FC2199AAEC51}"
EndProject
Project("{FAE04EC0-301F-11D3-BF4B-00C04F79EFBC}") = "Section01", "Chapter07\Section01\Section01.csproj", "{90BADB15-BC3B-4E88-BDAA-7AF1D218718B}"
EndProject
Project("{FAE04EC0-301F-11D3-BF4B-00C04F79EFBC}") = "Section05", "Chapter07\Section05\Section05.csproj", "{08E3684C-87DF-4814-97F3-791994BF2575}"
EndProject
Project("{FAE04EC0-301F-11D3-BF4B-00C04F79EFBC}") = "Exercise02", "Chapter07\演習問題\Exercise02\Exercise02.csproj", "{8588C3D7-EC64-44AC-A6EE-E97D82BCC02D}"
EndProject
Project("{2150E333-8FDC-42A3-9474-1A3956D46DE8}") = "Chapter06", "Chapter06", "{9E7588D6-E702-4EA5-B470-2CB51089E849}"
EndProject
Project("{FAE04EC0-301F-11D3-BF4B-00C04F79EFBC}") = "Section01", "Chapter06\Section01\Section01.csproj", "{B0CD21C8-5586-4E46-88AD-1FE238F6379E}"
EndProject
Project("{2150E333-8FDC-42A3-9474-1A3956D46DE8}") = "演習問題", "演習問題", "{CD603624-A452-4791-9341-F97F40AFEC5C}"
EndProject
Project("{FAE04EC0-301F-11D3-BF4B-00C04F79EFBC}") = "Exercise01", "Chapter06\演習問題\Exercise01\Exercise01.csproj", "{7E51492C-1E60-475F-8C28-3CA07E85075D}"
EndProject
Project("{FAE04EC0-301F-11D3-BF4B-00C04F79EFBC}") = "Exercise03", "Chapter06\演習問題\Exercise03\Exercise03.csproj", "{D5960241-976E-432F-A2EE-B863E75BF0D6}"
EndProject
Project("{FAE04EC0-301F-11D3-BF4B-00C04F79EFBC}") = "Exercise04", "Chapter06\演習問題\Exercise04\Exercise04.csproj", "{754B7041-BA1F-4873-BC11-2DC6243393F1}"
EndProject
Project("{FAE04EC0-301F-11D3-BF4B-00C04F79EFBC}") = "Exercise02", "Chapter06\演習問題\Exercise02\Exercise02.csproj", "{6097B2B6-1FC2-4593-8A6D-85DEA9A5B019}"
EndProject
Project("{FAE04EC0-301F-11D3-BF4B-00C04F79EFBC}") = "Section03", "Chapter06\Section03\Section03.csproj", "{AA16EA7A-444D-4FF5-9F21-291F3A7CA08D}"
EndProject
Project("{2150E333-8FDC-42A3-9474-1A3956D46DE8}") = "Chapter05", "Chapter05", "{A55F1EB6-FB55-4A87-8AB6-5EA0444A9E8D}"
EndProject
Project("{2150E333-8FDC-42A3-9474-1A3956D46DE8}") = "演習問題", "演習問題", "{A0AB6452-0EEA-4EFD-B799-359DD36B28C4}"
EndProject
Project("{FAE04EC0-301F-11D3-BF4B-00C04F79EFBC}") = "Section01", "Chapter05\Section01\Section01.csproj", "{DD3208B6-C97B-4B53-A1AE-D26C0632A4DC}"
EndProject
Project("{FAE04EC0-301F-11D3-BF4B-00C04F79EFBC}") = "Section02", "Chapter05\Section02\Section02.csproj", "{02F6E4DF-5B7E-4E58-BA31-7B5904A9427F}"
EndProject
Project("{FAE04EC0-301F-11D3-BF4B-00C04F79EFBC}") = "Exercise01", "Chapter05\演習問題\Exercise01\Exercise01.csproj", "{2AE9A9AC-581C-4A16-A549-1549E1855535}"
EndProject
Project("{FAE04EC0-301F-11D3-BF4B-00C04F79EFBC}") = "Exercise02", "Chapter05\演習問題\Exercise02\Exercise02.csproj", "{3BD47FF2-F4CF-4BDC-BFD4-F99B953098A8}"
EndProject
Project("{2150E333-8FDC-42A3-9474-1A3956D46DE8}") = "Chapter08", "Chapter08", "{3F2A5E5F-4F08-40B9-B103-42A264B7BD82}"
EndProject
Project("{2150E333-8FDC-42A3-9474-1A3956D46DE8}") = "演習問題", "演習問題", "{EBCB78E3-21AA-4621-9C4A-4362A07B777C}"
	ProjectSection(SolutionItems) = preProject
		Chapter08\演習問題\Exercise01\Exercise01.csproj = Chapter08\演習問題\Exercise01\Exercise01.csproj
		Chapter08\演習問題\Exercise01\Program.cs = Chapter08\演習問題\Exercise01\Program.cs
	EndProjectSection
EndProject
Project("{FAE04EC0-301F-11D3-BF4B-00C04F79EFBC}") = "PrefCapitalLocationSystem", "Chapter08\演習問題\PrefCapitalLocationSystem\PrefCapitalLocationSystem.csproj", "{9010C7DA-7BF1-1477-C761-BD4654FE33AF}"
EndProject
Project("{FAE04EC0-301F-11D3-BF4B-00C04F79EFBC}") = "Section03", "Chapter08\Section03\Section03.csproj", "{6E70A291-9227-446A-ABB9-8F0F524F5E49}"
EndProject
Project("{FAE04EC0-301F-11D3-BF4B-00C04F79EFBC}") = "Exercise02", "Chapter08\演習問題\Exercise02\Exercise02.csproj", "{0C94982A-0685-4A7C-955A-CAEE2C31E661}"
EndProject
Project("{2150E333-8FDC-42A3-9474-1A3956D46DE8}") = "Test01", "Test01", "{9BD81BCB-158D-46C5-A6EF-E729866FBD6B}"
EndProject
Project("{FAE04EC0-301F-11D3-BF4B-00C04F79EFBC}") = "Test01", "Test01\Test01\Test01.csproj", "{6EF7678A-A725-F430-3097-30F090C0100A}"
EndProject
Project("{FAE04EC0-301F-11D3-BF4B-00C04F79EFBC}") = "Test02", "Test01\Test02\Test02.csproj", "{010D0C11-D6A2-3CA6-3281-4E0FD547EC2D}"
EndProject
Project("{2150E333-8FDC-42A3-9474-1A3956D46DE8}") = "Chapter09", "Chapter09", "{3E9BFAF3-4641-4E69-85BE-E31A37892646}"
EndProject
Project("{FAE04EC0-301F-11D3-BF4B-00C04F79EFBC}") = "Section01", "Chapter09\Section01\Section01.csproj", "{1890317C-CA54-4574-8D43-D504416BD7B1}"
EndProject
Project("{2150E333-8FDC-42A3-9474-1A3956D46DE8}") = "演習問題", "演習問題", "{8A3B3C28-EAE6-4668-9397-589CD09028C8}"
EndProject
Project("{FAE04EC0-301F-11D3-BF4B-00C04F79EFBC}") = "Exercise01", "Chapter09\演習問題\Exercise01\Exercise01.csproj", "{3BF5F4CD-96A9-4625-B810-0991B522F253}"
EndProject
Project("{FAE04EC0-301F-11D3-BF4B-00C04F79EFBC}") = "Exercise02", "Chapter09\演習問題\Exercise02\Exercise02.csproj", "{8BBE8621-E869-4A77-AF84-94F31F5A60CF}"
EndProject
Project("{FAE04EC0-301F-11D3-BF4B-00C04F79EFBC}") = "Exercise03", "Chapter09\演習問題\Exercise03\Exercise03.csproj", "{994F0C07-1DAD-4B9A-88A8-4E8D7B573944}"
EndProject
Project("{FAE04EC0-301F-11D3-BF4B-00C04F79EFBC}") = "CarReportSystem", "FormApps\CarReportSystem\CarReportSystem.csproj", "{E7BEB8F9-5DF2-4E0B-896B-F6D3AE647217}"
EndProject
Project("{2150E333-8FDC-42A3-9474-1A3956D46DE8}") = "Chapter12", "Chapter12", "{E364F7D8-48B6-4FE9-B0FF-9074F445E423}"
EndProject
Project("{2150E333-8FDC-42A3-9474-1A3956D46DE8}") = "演習問題", "演習問題", "{42F16252-E02F-4F5C-A0D4-DC8F77599986}"
EndProject
Project("{FAE04EC0-301F-11D3-BF4B-00C04F79EFBC}") = "Section01", "Chapter12\Section01\Section01.csproj", "{02A669C1-E31E-425F-81DA-AFCAF79BFA92}"
EndProject
Project("{FAE04EC0-301F-11D3-BF4B-00C04F79EFBC}") = "Exercise01", "Chapter12\演習問題\Exercise01\Exercise01.csproj", "{F959B5B7-9B3C-45F0-8CA8-27167AFCD916}"
EndProject
Project("{FAE04EC0-301F-11D3-BF4B-00C04F79EFBC}") = "Exercise02", "..\..\..\Desktop\Exercise02\Exercise02.csproj", "{002AC66A-2C79-D617-7D42-C919BAF06C81}"
EndProject
Project("{FAE04EC0-301F-11D3-BF4B-00C04F79EFBC}") = "Exercise03", "..\..\..\Desktop\Exercise03\Exercise03.csproj", "{2F191382-77D4-81DA-DF01-8BDF10A53969}"
EndProject
Project("{FAE04EC0-301F-11D3-BF4B-00C04F79EFBC}") = "RssReader", "FormApps\RssReader\RssReader.csproj", "{059F739C-CCF3-44FF-8098-9D35FF35FD5B}"
EndProject
Project("{2150E333-8FDC-42A3-9474-1A3956D46DE8}") = "Chapter11", "Chapter11", "{5CBE3154-7A1F-497C-A660-84CAC66D0E3A}"
EndProject
Project("{FAE04EC0-301F-11D3-BF4B-00C04F79EFBC}") = "Section02", "Chapter11\Section02\Section02.csproj", "{274843AA-0071-42BA-9718-4EEA162EBA42}"
EndProject
Project("{2150E333-8FDC-42A3-9474-1A3956D46DE8}") = "演習問題", "演習問題", "{58A4A932-EF29-46A5-A209-611335D6C4FC}"
EndProject
Project("{FAE04EC0-301F-11D3-BF4B-00C04F79EFBC}") = "Exercise01", "Chapter11\演習問題\Exercise01\Exercise01.csproj", "{0FF8DF06-F746-41C5-B278-A62491D6740C}"
EndProject
Project("{FAE04EC0-301F-11D3-BF4B-00C04F79EFBC}") = "Exercise02", "Chapter11\演習問題\Exercise02\Exercise02.csproj", "{6A0CAF74-39F2-43ED-A5ED-6AD97CE09043}"
EndProject
Project("{FAE04EC0-301F-11D3-BF4B-00C04F79EFBC}") = "Section03", "Chapter11\Section03\Section03.csproj", "{01424F1A-E141-4CC5-BF79-C0EAD23274AB}"
EndProject
Project("{FAE04EC0-301F-11D3-BF4B-00C04F79EFBC}") = "Exercise03", "Chapter11\演習問題\Exercise03\Exercise03.csproj", "{5571D193-7E13-4491-94C4-A92133E8399F}"
EndProject
Project("{FAE04EC0-301F-11D3-BF4B-00C04F79EFBC}") = "Exercise05", "Chapter11\演習問題\Exercise05\Exercise05.csproj", "{3CBF8949-6462-47C0-A950-4DC5F86CA909}"
EndProject
Project("{FAE04EC0-301F-11D3-BF4B-00C04F79EFBC}") = "Exercise04", "Chapter11\演習問題\Exercise04\Exercise04.csproj", "{FB607C90-FC42-4CB6-B930-1C935FF8259A}"
EndProject
Project("{FAE04EC0-301F-11D3-BF4B-00C04F79EFBC}") = "Section04", "Chapter11\Section04\Section04.csproj", "{ECAB1AB0-616F-460A-A4A1-719BF00A8027}"
EndProject
Project("{2150E333-8FDC-42A3-9474-1A3956D46DE8}") = "WPF", "WPF", "{432952D8-1076-4758-805A-5A2DB79BB399}"
EndProject
Project("{FAE04EC0-301F-11D3-BF4B-00C04F79EFBC}") = "SampleApplication", "WPF\SampleApplication\SampleApplication.csproj", "{5D2CAA6B-51CD-468F-BC59-48134279CB2B}"
EndProject
Project("{FAE04EC0-301F-11D3-BF4B-00C04F79EFBC}") = "SampleSlider", "WPF\SampleSlider\SampleSlider.csproj", "{4E3B92EF-F9A0-4F41-A8C2-21F66A29EC88}"
EndProject
Project("{FAE04EC0-301F-11D3-BF4B-00C04F79EFBC}") = "ColorChecker", "WPF\ColorChecker\ColorChecker.csproj", "{967FEAAE-477D-4BF3-82EC-79B1EC3C2927}"
EndProject
Project("{FAE04EC0-301F-11D3-BF4B-00C04F79EFBC}") = "ConverterApp", "WPF\ConverterApp\ConverterApp.csproj", "{5B6A962A-A90E-45E7-897A-649D5B019C29}"
EndProject
Global
	GlobalSection(SolutionConfigurationPlatforms) = preSolution
		Debug|Any CPU = Debug|Any CPU
		Release|Any CPU = Release|Any CPU
	EndGlobalSection
	GlobalSection(ProjectConfigurationPlatforms) = postSolution
		{49E154F5-4D6B-45B4-9559-A4FDF9761B99}.Debug|Any CPU.ActiveCfg = Debug|Any CPU
		{49E154F5-4D6B-45B4-9559-A4FDF9761B99}.Debug|Any CPU.Build.0 = Debug|Any CPU
		{49E154F5-4D6B-45B4-9559-A4FDF9761B99}.Release|Any CPU.ActiveCfg = Release|Any CPU
		{49E154F5-4D6B-45B4-9559-A4FDF9761B99}.Release|Any CPU.Build.0 = Release|Any CPU
		{C864BD01-9183-47E9-8BAA-352443FD9E5C}.Debug|Any CPU.ActiveCfg = Debug|Any CPU
		{C864BD01-9183-47E9-8BAA-352443FD9E5C}.Debug|Any CPU.Build.0 = Debug|Any CPU
		{C864BD01-9183-47E9-8BAA-352443FD9E5C}.Release|Any CPU.ActiveCfg = Release|Any CPU
		{C864BD01-9183-47E9-8BAA-352443FD9E5C}.Release|Any CPU.Build.0 = Release|Any CPU
		{C403C348-4CDF-432A-9E62-8020823CAD9D}.Debug|Any CPU.ActiveCfg = Debug|Any CPU
		{C403C348-4CDF-432A-9E62-8020823CAD9D}.Debug|Any CPU.Build.0 = Debug|Any CPU
		{C403C348-4CDF-432A-9E62-8020823CAD9D}.Release|Any CPU.ActiveCfg = Release|Any CPU
		{C403C348-4CDF-432A-9E62-8020823CAD9D}.Release|Any CPU.Build.0 = Release|Any CPU
		{D403557F-039B-48D3-A70F-C7DBD9B00D41}.Debug|Any CPU.ActiveCfg = Debug|Any CPU
		{D403557F-039B-48D3-A70F-C7DBD9B00D41}.Debug|Any CPU.Build.0 = Debug|Any CPU
		{D403557F-039B-48D3-A70F-C7DBD9B00D41}.Release|Any CPU.ActiveCfg = Release|Any CPU
		{D403557F-039B-48D3-A70F-C7DBD9B00D41}.Release|Any CPU.Build.0 = Release|Any CPU
		{44F15A54-8F72-4207-B2B7-0E497CD750C5}.Debug|Any CPU.ActiveCfg = Debug|Any CPU
		{44F15A54-8F72-4207-B2B7-0E497CD750C5}.Debug|Any CPU.Build.0 = Debug|Any CPU
		{44F15A54-8F72-4207-B2B7-0E497CD750C5}.Release|Any CPU.ActiveCfg = Release|Any CPU
		{44F15A54-8F72-4207-B2B7-0E497CD750C5}.Release|Any CPU.Build.0 = Release|Any CPU
		{D2D96AF2-1036-482E-B85E-DA83D67F9EC3}.Debug|Any CPU.ActiveCfg = Debug|Any CPU
		{D2D96AF2-1036-482E-B85E-DA83D67F9EC3}.Debug|Any CPU.Build.0 = Debug|Any CPU
		{D2D96AF2-1036-482E-B85E-DA83D67F9EC3}.Release|Any CPU.ActiveCfg = Release|Any CPU
		{D2D96AF2-1036-482E-B85E-DA83D67F9EC3}.Release|Any CPU.Build.0 = Release|Any CPU
		{CD12F079-0B30-4E65-8B97-8308A72587F5}.Debug|Any CPU.ActiveCfg = Debug|Any CPU
		{CD12F079-0B30-4E65-8B97-8308A72587F5}.Debug|Any CPU.Build.0 = Debug|Any CPU
		{CD12F079-0B30-4E65-8B97-8308A72587F5}.Release|Any CPU.ActiveCfg = Release|Any CPU
		{CD12F079-0B30-4E65-8B97-8308A72587F5}.Release|Any CPU.Build.0 = Release|Any CPU
		{C0EABEAB-D2C9-4F96-9585-575E157DF8C1}.Debug|Any CPU.ActiveCfg = Debug|Any CPU
		{C0EABEAB-D2C9-4F96-9585-575E157DF8C1}.Debug|Any CPU.Build.0 = Debug|Any CPU
		{C0EABEAB-D2C9-4F96-9585-575E157DF8C1}.Release|Any CPU.ActiveCfg = Release|Any CPU
		{C0EABEAB-D2C9-4F96-9585-575E157DF8C1}.Release|Any CPU.Build.0 = Release|Any CPU
		{CF4152D5-704C-475D-AE25-9E09BED27C5F}.Debug|Any CPU.ActiveCfg = Debug|Any CPU
		{CF4152D5-704C-475D-AE25-9E09BED27C5F}.Debug|Any CPU.Build.0 = Debug|Any CPU
		{CF4152D5-704C-475D-AE25-9E09BED27C5F}.Release|Any CPU.ActiveCfg = Release|Any CPU
		{CF4152D5-704C-475D-AE25-9E09BED27C5F}.Release|Any CPU.Build.0 = Release|Any CPU
		{45AF751B-AA60-4BA1-9CF2-698668F233EB}.Debug|Any CPU.ActiveCfg = Debug|Any CPU
		{45AF751B-AA60-4BA1-9CF2-698668F233EB}.Debug|Any CPU.Build.0 = Debug|Any CPU
		{45AF751B-AA60-4BA1-9CF2-698668F233EB}.Release|Any CPU.ActiveCfg = Release|Any CPU
		{45AF751B-AA60-4BA1-9CF2-698668F233EB}.Release|Any CPU.Build.0 = Release|Any CPU
		{875272D3-8C21-4C32-BF25-EE7987E3479D}.Debug|Any CPU.ActiveCfg = Debug|Any CPU
		{875272D3-8C21-4C32-BF25-EE7987E3479D}.Debug|Any CPU.Build.0 = Debug|Any CPU
		{875272D3-8C21-4C32-BF25-EE7987E3479D}.Release|Any CPU.ActiveCfg = Release|Any CPU
		{875272D3-8C21-4C32-BF25-EE7987E3479D}.Release|Any CPU.Build.0 = Release|Any CPU
		{D3F68FB2-D83B-44B6-95EE-DC9963E82611}.Debug|Any CPU.ActiveCfg = Debug|Any CPU
		{D3F68FB2-D83B-44B6-95EE-DC9963E82611}.Debug|Any CPU.Build.0 = Debug|Any CPU
		{D3F68FB2-D83B-44B6-95EE-DC9963E82611}.Release|Any CPU.ActiveCfg = Release|Any CPU
		{D3F68FB2-D83B-44B6-95EE-DC9963E82611}.Release|Any CPU.Build.0 = Release|Any CPU
		{9FC4A7CD-193A-48FF-86E8-5D9735A923AA}.Debug|Any CPU.ActiveCfg = Debug|Any CPU
		{9FC4A7CD-193A-48FF-86E8-5D9735A923AA}.Debug|Any CPU.Build.0 = Debug|Any CPU
		{9FC4A7CD-193A-48FF-86E8-5D9735A923AA}.Release|Any CPU.ActiveCfg = Release|Any CPU
		{9FC4A7CD-193A-48FF-86E8-5D9735A923AA}.Release|Any CPU.Build.0 = Release|Any CPU
		{C0173770-1F48-4249-9446-C8EB8ADF4876}.Debug|Any CPU.ActiveCfg = Debug|Any CPU
		{C0173770-1F48-4249-9446-C8EB8ADF4876}.Debug|Any CPU.Build.0 = Debug|Any CPU
		{C0173770-1F48-4249-9446-C8EB8ADF4876}.Release|Any CPU.ActiveCfg = Release|Any CPU
		{C0173770-1F48-4249-9446-C8EB8ADF4876}.Release|Any CPU.Build.0 = Release|Any CPU
		{92402CAB-E383-41C0-B32F-AD5180156571}.Debug|Any CPU.ActiveCfg = Debug|Any CPU
		{92402CAB-E383-41C0-B32F-AD5180156571}.Debug|Any CPU.Build.0 = Debug|Any CPU
		{92402CAB-E383-41C0-B32F-AD5180156571}.Release|Any CPU.ActiveCfg = Release|Any CPU
		{92402CAB-E383-41C0-B32F-AD5180156571}.Release|Any CPU.Build.0 = Release|Any CPU
		{F8B61EE1-3826-470E-83F0-FC2199AAEC51}.Debug|Any CPU.ActiveCfg = Debug|Any CPU
		{F8B61EE1-3826-470E-83F0-FC2199AAEC51}.Debug|Any CPU.Build.0 = Debug|Any CPU
		{F8B61EE1-3826-470E-83F0-FC2199AAEC51}.Release|Any CPU.ActiveCfg = Release|Any CPU
		{F8B61EE1-3826-470E-83F0-FC2199AAEC51}.Release|Any CPU.Build.0 = Release|Any CPU
		{90BADB15-BC3B-4E88-BDAA-7AF1D218718B}.Debug|Any CPU.ActiveCfg = Debug|Any CPU
		{90BADB15-BC3B-4E88-BDAA-7AF1D218718B}.Debug|Any CPU.Build.0 = Debug|Any CPU
		{90BADB15-BC3B-4E88-BDAA-7AF1D218718B}.Release|Any CPU.ActiveCfg = Release|Any CPU
		{90BADB15-BC3B-4E88-BDAA-7AF1D218718B}.Release|Any CPU.Build.0 = Release|Any CPU
		{08E3684C-87DF-4814-97F3-791994BF2575}.Debug|Any CPU.ActiveCfg = Debug|Any CPU
		{08E3684C-87DF-4814-97F3-791994BF2575}.Debug|Any CPU.Build.0 = Debug|Any CPU
		{08E3684C-87DF-4814-97F3-791994BF2575}.Release|Any CPU.ActiveCfg = Release|Any CPU
		{08E3684C-87DF-4814-97F3-791994BF2575}.Release|Any CPU.Build.0 = Release|Any CPU
		{8588C3D7-EC64-44AC-A6EE-E97D82BCC02D}.Debug|Any CPU.ActiveCfg = Debug|Any CPU
		{8588C3D7-EC64-44AC-A6EE-E97D82BCC02D}.Debug|Any CPU.Build.0 = Debug|Any CPU
		{8588C3D7-EC64-44AC-A6EE-E97D82BCC02D}.Release|Any CPU.ActiveCfg = Release|Any CPU
		{8588C3D7-EC64-44AC-A6EE-E97D82BCC02D}.Release|Any CPU.Build.0 = Release|Any CPU
		{B0CD21C8-5586-4E46-88AD-1FE238F6379E}.Debug|Any CPU.ActiveCfg = Debug|Any CPU
		{B0CD21C8-5586-4E46-88AD-1FE238F6379E}.Debug|Any CPU.Build.0 = Debug|Any CPU
		{B0CD21C8-5586-4E46-88AD-1FE238F6379E}.Release|Any CPU.ActiveCfg = Release|Any CPU
		{B0CD21C8-5586-4E46-88AD-1FE238F6379E}.Release|Any CPU.Build.0 = Release|Any CPU
		{7E51492C-1E60-475F-8C28-3CA07E85075D}.Debug|Any CPU.ActiveCfg = Debug|Any CPU
		{7E51492C-1E60-475F-8C28-3CA07E85075D}.Debug|Any CPU.Build.0 = Debug|Any CPU
		{7E51492C-1E60-475F-8C28-3CA07E85075D}.Release|Any CPU.ActiveCfg = Release|Any CPU
		{7E51492C-1E60-475F-8C28-3CA07E85075D}.Release|Any CPU.Build.0 = Release|Any CPU
		{D5960241-976E-432F-A2EE-B863E75BF0D6}.Debug|Any CPU.ActiveCfg = Debug|Any CPU
		{D5960241-976E-432F-A2EE-B863E75BF0D6}.Debug|Any CPU.Build.0 = Debug|Any CPU
		{D5960241-976E-432F-A2EE-B863E75BF0D6}.Release|Any CPU.ActiveCfg = Release|Any CPU
		{D5960241-976E-432F-A2EE-B863E75BF0D6}.Release|Any CPU.Build.0 = Release|Any CPU
		{754B7041-BA1F-4873-BC11-2DC6243393F1}.Debug|Any CPU.ActiveCfg = Debug|Any CPU
		{754B7041-BA1F-4873-BC11-2DC6243393F1}.Debug|Any CPU.Build.0 = Debug|Any CPU
		{754B7041-BA1F-4873-BC11-2DC6243393F1}.Release|Any CPU.ActiveCfg = Release|Any CPU
		{754B7041-BA1F-4873-BC11-2DC6243393F1}.Release|Any CPU.Build.0 = Release|Any CPU
		{6097B2B6-1FC2-4593-8A6D-85DEA9A5B019}.Debug|Any CPU.ActiveCfg = Debug|Any CPU
		{6097B2B6-1FC2-4593-8A6D-85DEA9A5B019}.Debug|Any CPU.Build.0 = Debug|Any CPU
		{6097B2B6-1FC2-4593-8A6D-85DEA9A5B019}.Release|Any CPU.ActiveCfg = Release|Any CPU
		{6097B2B6-1FC2-4593-8A6D-85DEA9A5B019}.Release|Any CPU.Build.0 = Release|Any CPU
		{AA16EA7A-444D-4FF5-9F21-291F3A7CA08D}.Debug|Any CPU.ActiveCfg = Debug|Any CPU
		{AA16EA7A-444D-4FF5-9F21-291F3A7CA08D}.Debug|Any CPU.Build.0 = Debug|Any CPU
		{AA16EA7A-444D-4FF5-9F21-291F3A7CA08D}.Release|Any CPU.ActiveCfg = Release|Any CPU
		{AA16EA7A-444D-4FF5-9F21-291F3A7CA08D}.Release|Any CPU.Build.0 = Release|Any CPU
		{DD3208B6-C97B-4B53-A1AE-D26C0632A4DC}.Debug|Any CPU.ActiveCfg = Debug|Any CPU
		{DD3208B6-C97B-4B53-A1AE-D26C0632A4DC}.Debug|Any CPU.Build.0 = Debug|Any CPU
		{DD3208B6-C97B-4B53-A1AE-D26C0632A4DC}.Release|Any CPU.ActiveCfg = Release|Any CPU
		{DD3208B6-C97B-4B53-A1AE-D26C0632A4DC}.Release|Any CPU.Build.0 = Release|Any CPU
		{02F6E4DF-5B7E-4E58-BA31-7B5904A9427F}.Debug|Any CPU.ActiveCfg = Debug|Any CPU
		{02F6E4DF-5B7E-4E58-BA31-7B5904A9427F}.Debug|Any CPU.Build.0 = Debug|Any CPU
		{02F6E4DF-5B7E-4E58-BA31-7B5904A9427F}.Release|Any CPU.ActiveCfg = Release|Any CPU
		{02F6E4DF-5B7E-4E58-BA31-7B5904A9427F}.Release|Any CPU.Build.0 = Release|Any CPU
		{2AE9A9AC-581C-4A16-A549-1549E1855535}.Debug|Any CPU.ActiveCfg = Debug|Any CPU
		{2AE9A9AC-581C-4A16-A549-1549E1855535}.Debug|Any CPU.Build.0 = Debug|Any CPU
		{2AE9A9AC-581C-4A16-A549-1549E1855535}.Release|Any CPU.ActiveCfg = Release|Any CPU
		{2AE9A9AC-581C-4A16-A549-1549E1855535}.Release|Any CPU.Build.0 = Release|Any CPU
		{3BD47FF2-F4CF-4BDC-BFD4-F99B953098A8}.Debug|Any CPU.ActiveCfg = Debug|Any CPU
		{3BD47FF2-F4CF-4BDC-BFD4-F99B953098A8}.Debug|Any CPU.Build.0 = Debug|Any CPU
		{3BD47FF2-F4CF-4BDC-BFD4-F99B953098A8}.Release|Any CPU.ActiveCfg = Release|Any CPU
		{3BD47FF2-F4CF-4BDC-BFD4-F99B953098A8}.Release|Any CPU.Build.0 = Release|Any CPU
		{9010C7DA-7BF1-1477-C761-BD4654FE33AF}.Debug|Any CPU.ActiveCfg = Debug|Any CPU
		{9010C7DA-7BF1-1477-C761-BD4654FE33AF}.Debug|Any CPU.Build.0 = Debug|Any CPU
		{9010C7DA-7BF1-1477-C761-BD4654FE33AF}.Release|Any CPU.ActiveCfg = Release|Any CPU
		{9010C7DA-7BF1-1477-C761-BD4654FE33AF}.Release|Any CPU.Build.0 = Release|Any CPU
		{6E70A291-9227-446A-ABB9-8F0F524F5E49}.Debug|Any CPU.ActiveCfg = Debug|Any CPU
		{6E70A291-9227-446A-ABB9-8F0F524F5E49}.Debug|Any CPU.Build.0 = Debug|Any CPU
		{6E70A291-9227-446A-ABB9-8F0F524F5E49}.Release|Any CPU.ActiveCfg = Release|Any CPU
		{6E70A291-9227-446A-ABB9-8F0F524F5E49}.Release|Any CPU.Build.0 = Release|Any CPU
		{0C94982A-0685-4A7C-955A-CAEE2C31E661}.Debug|Any CPU.ActiveCfg = Debug|Any CPU
		{0C94982A-0685-4A7C-955A-CAEE2C31E661}.Debug|Any CPU.Build.0 = Debug|Any CPU
		{0C94982A-0685-4A7C-955A-CAEE2C31E661}.Release|Any CPU.ActiveCfg = Release|Any CPU
		{0C94982A-0685-4A7C-955A-CAEE2C31E661}.Release|Any CPU.Build.0 = Release|Any CPU
		{6EF7678A-A725-F430-3097-30F090C0100A}.Debug|Any CPU.ActiveCfg = Debug|Any CPU
		{6EF7678A-A725-F430-3097-30F090C0100A}.Debug|Any CPU.Build.0 = Debug|Any CPU
		{6EF7678A-A725-F430-3097-30F090C0100A}.Release|Any CPU.ActiveCfg = Release|Any CPU
		{6EF7678A-A725-F430-3097-30F090C0100A}.Release|Any CPU.Build.0 = Release|Any CPU
		{010D0C11-D6A2-3CA6-3281-4E0FD547EC2D}.Debug|Any CPU.ActiveCfg = Debug|Any CPU
		{010D0C11-D6A2-3CA6-3281-4E0FD547EC2D}.Debug|Any CPU.Build.0 = Debug|Any CPU
		{010D0C11-D6A2-3CA6-3281-4E0FD547EC2D}.Release|Any CPU.ActiveCfg = Release|Any CPU
		{010D0C11-D6A2-3CA6-3281-4E0FD547EC2D}.Release|Any CPU.Build.0 = Release|Any CPU
		{1890317C-CA54-4574-8D43-D504416BD7B1}.Debug|Any CPU.ActiveCfg = Debug|Any CPU
		{1890317C-CA54-4574-8D43-D504416BD7B1}.Debug|Any CPU.Build.0 = Debug|Any CPU
		{1890317C-CA54-4574-8D43-D504416BD7B1}.Release|Any CPU.ActiveCfg = Release|Any CPU
		{1890317C-CA54-4574-8D43-D504416BD7B1}.Release|Any CPU.Build.0 = Release|Any CPU
		{3BF5F4CD-96A9-4625-B810-0991B522F253}.Debug|Any CPU.ActiveCfg = Debug|Any CPU
		{3BF5F4CD-96A9-4625-B810-0991B522F253}.Debug|Any CPU.Build.0 = Debug|Any CPU
		{3BF5F4CD-96A9-4625-B810-0991B522F253}.Release|Any CPU.ActiveCfg = Release|Any CPU
		{3BF5F4CD-96A9-4625-B810-0991B522F253}.Release|Any CPU.Build.0 = Release|Any CPU
		{8BBE8621-E869-4A77-AF84-94F31F5A60CF}.Debug|Any CPU.ActiveCfg = Debug|Any CPU
		{8BBE8621-E869-4A77-AF84-94F31F5A60CF}.Debug|Any CPU.Build.0 = Debug|Any CPU
		{8BBE8621-E869-4A77-AF84-94F31F5A60CF}.Release|Any CPU.ActiveCfg = Release|Any CPU
		{8BBE8621-E869-4A77-AF84-94F31F5A60CF}.Release|Any CPU.Build.0 = Release|Any CPU
		{994F0C07-1DAD-4B9A-88A8-4E8D7B573944}.Debug|Any CPU.ActiveCfg = Debug|Any CPU
		{994F0C07-1DAD-4B9A-88A8-4E8D7B573944}.Debug|Any CPU.Build.0 = Debug|Any CPU
		{994F0C07-1DAD-4B9A-88A8-4E8D7B573944}.Release|Any CPU.ActiveCfg = Release|Any CPU
		{994F0C07-1DAD-4B9A-88A8-4E8D7B573944}.Release|Any CPU.Build.0 = Release|Any CPU
		{E7BEB8F9-5DF2-4E0B-896B-F6D3AE647217}.Debug|Any CPU.ActiveCfg = Debug|Any CPU
		{E7BEB8F9-5DF2-4E0B-896B-F6D3AE647217}.Debug|Any CPU.Build.0 = Debug|Any CPU
		{E7BEB8F9-5DF2-4E0B-896B-F6D3AE647217}.Release|Any CPU.ActiveCfg = Release|Any CPU
		{E7BEB8F9-5DF2-4E0B-896B-F6D3AE647217}.Release|Any CPU.Build.0 = Release|Any CPU
		{02A669C1-E31E-425F-81DA-AFCAF79BFA92}.Debug|Any CPU.ActiveCfg = Debug|Any CPU
		{02A669C1-E31E-425F-81DA-AFCAF79BFA92}.Debug|Any CPU.Build.0 = Debug|Any CPU
		{02A669C1-E31E-425F-81DA-AFCAF79BFA92}.Release|Any CPU.ActiveCfg = Release|Any CPU
		{02A669C1-E31E-425F-81DA-AFCAF79BFA92}.Release|Any CPU.Build.0 = Release|Any CPU
		{F959B5B7-9B3C-45F0-8CA8-27167AFCD916}.Debug|Any CPU.ActiveCfg = Debug|Any CPU
		{F959B5B7-9B3C-45F0-8CA8-27167AFCD916}.Debug|Any CPU.Build.0 = Debug|Any CPU
		{F959B5B7-9B3C-45F0-8CA8-27167AFCD916}.Release|Any CPU.ActiveCfg = Release|Any CPU
		{F959B5B7-9B3C-45F0-8CA8-27167AFCD916}.Release|Any CPU.Build.0 = Release|Any CPU
		{002AC66A-2C79-D617-7D42-C919BAF06C81}.Debug|Any CPU.ActiveCfg = Debug|Any CPU
		{002AC66A-2C79-D617-7D42-C919BAF06C81}.Debug|Any CPU.Build.0 = Debug|Any CPU
		{002AC66A-2C79-D617-7D42-C919BAF06C81}.Release|Any CPU.ActiveCfg = Release|Any CPU
		{002AC66A-2C79-D617-7D42-C919BAF06C81}.Release|Any CPU.Build.0 = Release|Any CPU
		{2F191382-77D4-81DA-DF01-8BDF10A53969}.Debug|Any CPU.ActiveCfg = Debug|Any CPU
		{2F191382-77D4-81DA-DF01-8BDF10A53969}.Debug|Any CPU.Build.0 = Debug|Any CPU
		{2F191382-77D4-81DA-DF01-8BDF10A53969}.Release|Any CPU.ActiveCfg = Release|Any CPU
		{2F191382-77D4-81DA-DF01-8BDF10A53969}.Release|Any CPU.Build.0 = Release|Any CPU
		{059F739C-CCF3-44FF-8098-9D35FF35FD5B}.Debug|Any CPU.ActiveCfg = Debug|Any CPU
		{059F739C-CCF3-44FF-8098-9D35FF35FD5B}.Debug|Any CPU.Build.0 = Debug|Any CPU
		{059F739C-CCF3-44FF-8098-9D35FF35FD5B}.Release|Any CPU.ActiveCfg = Release|Any CPU
		{059F739C-CCF3-44FF-8098-9D35FF35FD5B}.Release|Any CPU.Build.0 = Release|Any CPU
		{274843AA-0071-42BA-9718-4EEA162EBA42}.Debug|Any CPU.ActiveCfg = Debug|Any CPU
		{274843AA-0071-42BA-9718-4EEA162EBA42}.Debug|Any CPU.Build.0 = Debug|Any CPU
		{274843AA-0071-42BA-9718-4EEA162EBA42}.Release|Any CPU.ActiveCfg = Release|Any CPU
		{274843AA-0071-42BA-9718-4EEA162EBA42}.Release|Any CPU.Build.0 = Release|Any CPU
		{0FF8DF06-F746-41C5-B278-A62491D6740C}.Debug|Any CPU.ActiveCfg = Debug|Any CPU
		{0FF8DF06-F746-41C5-B278-A62491D6740C}.Debug|Any CPU.Build.0 = Debug|Any CPU
		{0FF8DF06-F746-41C5-B278-A62491D6740C}.Release|Any CPU.ActiveCfg = Release|Any CPU
		{0FF8DF06-F746-41C5-B278-A62491D6740C}.Release|Any CPU.Build.0 = Release|Any CPU
		{6A0CAF74-39F2-43ED-A5ED-6AD97CE09043}.Debug|Any CPU.ActiveCfg = Debug|Any CPU
		{6A0CAF74-39F2-43ED-A5ED-6AD97CE09043}.Debug|Any CPU.Build.0 = Debug|Any CPU
		{6A0CAF74-39F2-43ED-A5ED-6AD97CE09043}.Release|Any CPU.ActiveCfg = Release|Any CPU
		{6A0CAF74-39F2-43ED-A5ED-6AD97CE09043}.Release|Any CPU.Build.0 = Release|Any CPU
		{01424F1A-E141-4CC5-BF79-C0EAD23274AB}.Debug|Any CPU.ActiveCfg = Debug|Any CPU
		{01424F1A-E141-4CC5-BF79-C0EAD23274AB}.Debug|Any CPU.Build.0 = Debug|Any CPU
		{01424F1A-E141-4CC5-BF79-C0EAD23274AB}.Release|Any CPU.ActiveCfg = Release|Any CPU
		{01424F1A-E141-4CC5-BF79-C0EAD23274AB}.Release|Any CPU.Build.0 = Release|Any CPU
		{5571D193-7E13-4491-94C4-A92133E8399F}.Debug|Any CPU.ActiveCfg = Debug|Any CPU
		{5571D193-7E13-4491-94C4-A92133E8399F}.Debug|Any CPU.Build.0 = Debug|Any CPU
		{5571D193-7E13-4491-94C4-A92133E8399F}.Release|Any CPU.ActiveCfg = Release|Any CPU
		{5571D193-7E13-4491-94C4-A92133E8399F}.Release|Any CPU.Build.0 = Release|Any CPU
		{3CBF8949-6462-47C0-A950-4DC5F86CA909}.Debug|Any CPU.ActiveCfg = Debug|Any CPU
		{3CBF8949-6462-47C0-A950-4DC5F86CA909}.Debug|Any CPU.Build.0 = Debug|Any CPU
		{3CBF8949-6462-47C0-A950-4DC5F86CA909}.Release|Any CPU.ActiveCfg = Release|Any CPU
		{3CBF8949-6462-47C0-A950-4DC5F86CA909}.Release|Any CPU.Build.0 = Release|Any CPU
		{FB607C90-FC42-4CB6-B930-1C935FF8259A}.Debug|Any CPU.ActiveCfg = Debug|Any CPU
		{FB607C90-FC42-4CB6-B930-1C935FF8259A}.Debug|Any CPU.Build.0 = Debug|Any CPU
		{FB607C90-FC42-4CB6-B930-1C935FF8259A}.Release|Any CPU.ActiveCfg = Release|Any CPU
		{FB607C90-FC42-4CB6-B930-1C935FF8259A}.Release|Any CPU.Build.0 = Release|Any CPU
		{ECAB1AB0-616F-460A-A4A1-719BF00A8027}.Debug|Any CPU.ActiveCfg = Debug|Any CPU
		{ECAB1AB0-616F-460A-A4A1-719BF00A8027}.Debug|Any CPU.Build.0 = Debug|Any CPU
		{ECAB1AB0-616F-460A-A4A1-719BF00A8027}.Release|Any CPU.ActiveCfg = Release|Any CPU
		{ECAB1AB0-616F-460A-A4A1-719BF00A8027}.Release|Any CPU.Build.0 = Release|Any CPU
		{5D2CAA6B-51CD-468F-BC59-48134279CB2B}.Debug|Any CPU.ActiveCfg = Debug|Any CPU
		{5D2CAA6B-51CD-468F-BC59-48134279CB2B}.Debug|Any CPU.Build.0 = Debug|Any CPU
		{5D2CAA6B-51CD-468F-BC59-48134279CB2B}.Release|Any CPU.ActiveCfg = Release|Any CPU
		{5D2CAA6B-51CD-468F-BC59-48134279CB2B}.Release|Any CPU.Build.0 = Release|Any CPU
		{4E3B92EF-F9A0-4F41-A8C2-21F66A29EC88}.Debug|Any CPU.ActiveCfg = Debug|Any CPU
		{4E3B92EF-F9A0-4F41-A8C2-21F66A29EC88}.Debug|Any CPU.Build.0 = Debug|Any CPU
		{4E3B92EF-F9A0-4F41-A8C2-21F66A29EC88}.Release|Any CPU.ActiveCfg = Release|Any CPU
		{4E3B92EF-F9A0-4F41-A8C2-21F66A29EC88}.Release|Any CPU.Build.0 = Release|Any CPU
		{967FEAAE-477D-4BF3-82EC-79B1EC3C2927}.Debug|Any CPU.ActiveCfg = Debug|Any CPU
		{967FEAAE-477D-4BF3-82EC-79B1EC3C2927}.Debug|Any CPU.Build.0 = Debug|Any CPU
		{967FEAAE-477D-4BF3-82EC-79B1EC3C2927}.Release|Any CPU.ActiveCfg = Release|Any CPU
		{967FEAAE-477D-4BF3-82EC-79B1EC3C2927}.Release|Any CPU.Build.0 = Release|Any CPU
		{5B6A962A-A90E-45E7-897A-649D5B019C29}.Debug|Any CPU.ActiveCfg = Debug|Any CPU
		{5B6A962A-A90E-45E7-897A-649D5B019C29}.Debug|Any CPU.Build.0 = Debug|Any CPU
		{5B6A962A-A90E-45E7-897A-649D5B019C29}.Release|Any CPU.ActiveCfg = Release|Any CPU
		{5B6A962A-A90E-45E7-897A-649D5B019C29}.Release|Any CPU.Build.0 = Release|Any CPU
	EndGlobalSection
	GlobalSection(SolutionProperties) = preSolution
		HideSolutionNode = FALSE
	EndGlobalSection
	GlobalSection(NestedProjects) = preSolution
		{49E154F5-4D6B-45B4-9559-A4FDF9761B99} = {DDB4EF12-CC4E-5E88-E6FC-71A802F4DE97}
		{C864BD01-9183-47E9-8BAA-352443FD9E5C} = {6DE6386A-338F-43E5-9C5D-96D0C9412852}
		{C7F6B1C5-8A38-4012-A596-0FF284E17E24} = {6DE6386A-338F-43E5-9C5D-96D0C9412852}
		{C403C348-4CDF-432A-9E62-8020823CAD9D} = {C7F6B1C5-8A38-4012-A596-0FF284E17E24}
		{CF48723F-369A-4E13-9F8E-A136E2C3EF43} = {6DE6386A-338F-43E5-9C5D-96D0C9412852}
		{D403557F-039B-48D3-A70F-C7DBD9B00D41} = {B2A6E2D4-7F15-4489-9DF6-CBDC3B2AFC55}
		{44F15A54-8F72-4207-B2B7-0E497CD750C5} = {B2A6E2D4-7F15-4489-9DF6-CBDC3B2AFC55}
		{DB30E701-5648-4905-A4C9-904607B801F7} = {6DE6386A-338F-43E5-9C5D-96D0C9412852}
		{D2D96AF2-1036-482E-B85E-DA83D67F9EC3} = {DB30E701-5648-4905-A4C9-904607B801F7}
		{CD12F079-0B30-4E65-8B97-8308A72587F5} = {C7F6B1C5-8A38-4012-A596-0FF284E17E24}
		{C0EABEAB-D2C9-4F96-9585-575E157DF8C1} = {D6EE4890-41F6-4F0A-8972-1B817E1651C8}
		{0306EB0E-E682-4B87-97C8-EE88DD5A23E3} = {D6EE4890-41F6-4F0A-8972-1B817E1651C8}
		{CF4152D5-704C-475D-AE25-9E09BED27C5F} = {0306EB0E-E682-4B87-97C8-EE88DD5A23E3}
		{45AF751B-AA60-4BA1-9CF2-698668F233EB} = {D6EE4890-41F6-4F0A-8972-1B817E1651C8}
		{875272D3-8C21-4C32-BF25-EE7987E3479D} = {0306EB0E-E682-4B87-97C8-EE88DD5A23E3}
		{D3F68FB2-D83B-44B6-95EE-DC9963E82611} = {5BA11016-1F68-49C8-B659-A68AAEEBA063}
		{0D77FEEE-840B-4732-A7A8-05563A1A5B01} = {5BA11016-1F68-49C8-B659-A68AAEEBA063}
		{9FC4A7CD-193A-48FF-86E8-5D9735A923AA} = {0D77FEEE-840B-4732-A7A8-05563A1A5B01}
		{C0173770-1F48-4249-9446-C8EB8ADF4876} = {0D77FEEE-840B-4732-A7A8-05563A1A5B01}
		{92402CAB-E383-41C0-B32F-AD5180156571} = {540A7FEB-EE34-4369-AD47-92A756306AB0}
		{B4C577A6-6155-4428-982A-87F01205F3B1} = {DBE986A2-9E86-4B38-B51C-733378D9ED3D}
		{F8B61EE1-3826-470E-83F0-FC2199AAEC51} = {B4C577A6-6155-4428-982A-87F01205F3B1}
		{90BADB15-BC3B-4E88-BDAA-7AF1D218718B} = {DBE986A2-9E86-4B38-B51C-733378D9ED3D}
		{08E3684C-87DF-4814-97F3-791994BF2575} = {DBE986A2-9E86-4B38-B51C-733378D9ED3D}
		{8588C3D7-EC64-44AC-A6EE-E97D82BCC02D} = {B4C577A6-6155-4428-982A-87F01205F3B1}
		{B0CD21C8-5586-4E46-88AD-1FE238F6379E} = {9E7588D6-E702-4EA5-B470-2CB51089E849}
		{CD603624-A452-4791-9341-F97F40AFEC5C} = {9E7588D6-E702-4EA5-B470-2CB51089E849}
		{7E51492C-1E60-475F-8C28-3CA07E85075D} = {CD603624-A452-4791-9341-F97F40AFEC5C}
		{D5960241-976E-432F-A2EE-B863E75BF0D6} = {CD603624-A452-4791-9341-F97F40AFEC5C}
		{754B7041-BA1F-4873-BC11-2DC6243393F1} = {CD603624-A452-4791-9341-F97F40AFEC5C}
		{6097B2B6-1FC2-4593-8A6D-85DEA9A5B019} = {CD603624-A452-4791-9341-F97F40AFEC5C}
		{AA16EA7A-444D-4FF5-9F21-291F3A7CA08D} = {9E7588D6-E702-4EA5-B470-2CB51089E849}
		{A0AB6452-0EEA-4EFD-B799-359DD36B28C4} = {A55F1EB6-FB55-4A87-8AB6-5EA0444A9E8D}
		{DD3208B6-C97B-4B53-A1AE-D26C0632A4DC} = {A55F1EB6-FB55-4A87-8AB6-5EA0444A9E8D}
		{02F6E4DF-5B7E-4E58-BA31-7B5904A9427F} = {A55F1EB6-FB55-4A87-8AB6-5EA0444A9E8D}
		{2AE9A9AC-581C-4A16-A549-1549E1855535} = {A0AB6452-0EEA-4EFD-B799-359DD36B28C4}
		{3BD47FF2-F4CF-4BDC-BFD4-F99B953098A8} = {A0AB6452-0EEA-4EFD-B799-359DD36B28C4}
		{EBCB78E3-21AA-4621-9C4A-4362A07B777C} = {3F2A5E5F-4F08-40B9-B103-42A264B7BD82}
		{9010C7DA-7BF1-1477-C761-BD4654FE33AF} = {3F2A5E5F-4F08-40B9-B103-42A264B7BD82}
		{6E70A291-9227-446A-ABB9-8F0F524F5E49} = {3F2A5E5F-4F08-40B9-B103-42A264B7BD82}
		{0C94982A-0685-4A7C-955A-CAEE2C31E661} = {EBCB78E3-21AA-4621-9C4A-4362A07B777C}
		{6EF7678A-A725-F430-3097-30F090C0100A} = {9BD81BCB-158D-46C5-A6EF-E729866FBD6B}
		{010D0C11-D6A2-3CA6-3281-4E0FD547EC2D} = {9BD81BCB-158D-46C5-A6EF-E729866FBD6B}
		{1890317C-CA54-4574-8D43-D504416BD7B1} = {3E9BFAF3-4641-4E69-85BE-E31A37892646}
		{8A3B3C28-EAE6-4668-9397-589CD09028C8} = {3E9BFAF3-4641-4E69-85BE-E31A37892646}
		{3BF5F4CD-96A9-4625-B810-0991B522F253} = {8A3B3C28-EAE6-4668-9397-589CD09028C8}
		{8BBE8621-E869-4A77-AF84-94F31F5A60CF} = {8A3B3C28-EAE6-4668-9397-589CD09028C8}
		{994F0C07-1DAD-4B9A-88A8-4E8D7B573944} = {8A3B3C28-EAE6-4668-9397-589CD09028C8}
		{E7BEB8F9-5DF2-4E0B-896B-F6D3AE647217} = {B2A6E2D4-7F15-4489-9DF6-CBDC3B2AFC55}
		{42F16252-E02F-4F5C-A0D4-DC8F77599986} = {E364F7D8-48B6-4FE9-B0FF-9074F445E423}
		{02A669C1-E31E-425F-81DA-AFCAF79BFA92} = {E364F7D8-48B6-4FE9-B0FF-9074F445E423}
		{F959B5B7-9B3C-45F0-8CA8-27167AFCD916} = {42F16252-E02F-4F5C-A0D4-DC8F77599986}
		{002AC66A-2C79-D617-7D42-C919BAF06C81} = {42F16252-E02F-4F5C-A0D4-DC8F77599986}
		{2F191382-77D4-81DA-DF01-8BDF10A53969} = {42F16252-E02F-4F5C-A0D4-DC8F77599986}
		{059F739C-CCF3-44FF-8098-9D35FF35FD5B} = {B2A6E2D4-7F15-4489-9DF6-CBDC3B2AFC55}
		{274843AA-0071-42BA-9718-4EEA162EBA42} = {5CBE3154-7A1F-497C-A660-84CAC66D0E3A}
		{58A4A932-EF29-46A5-A209-611335D6C4FC} = {5CBE3154-7A1F-497C-A660-84CAC66D0E3A}
		{0FF8DF06-F746-41C5-B278-A62491D6740C} = {58A4A932-EF29-46A5-A209-611335D6C4FC}
		{6A0CAF74-39F2-43ED-A5ED-6AD97CE09043} = {58A4A932-EF29-46A5-A209-611335D6C4FC}
		{01424F1A-E141-4CC5-BF79-C0EAD23274AB} = {5CBE3154-7A1F-497C-A660-84CAC66D0E3A}
		{5571D193-7E13-4491-94C4-A92133E8399F} = {58A4A932-EF29-46A5-A209-611335D6C4FC}
		{3CBF8949-6462-47C0-A950-4DC5F86CA909} = {58A4A932-EF29-46A5-A209-611335D6C4FC}
		{FB607C90-FC42-4CB6-B930-1C935FF8259A} = {58A4A932-EF29-46A5-A209-611335D6C4FC}
		{ECAB1AB0-616F-460A-A4A1-719BF00A8027} = {5CBE3154-7A1F-497C-A660-84CAC66D0E3A}
		{5D2CAA6B-51CD-468F-BC59-48134279CB2B} = {432952D8-1076-4758-805A-5A2DB79BB399}
		{4E3B92EF-F9A0-4F41-A8C2-21F66A29EC88} = {432952D8-1076-4758-805A-5A2DB79BB399}
		{967FEAAE-477D-4BF3-82EC-79B1EC3C2927} = {432952D8-1076-4758-805A-5A2DB79BB399}
		{5B6A962A-A90E-45E7-897A-649D5B019C29} = {432952D8-1076-4758-805A-5A2DB79BB399}
	EndGlobalSection
	GlobalSection(ExtensibilityGlobals) = postSolution
		SolutionGuid = {8E7C25D3-AAFF-407A-8807-F9D5E67F9161}
	EndGlobalSection
EndGlobal
