
Microsoft Visual Studio Solution File, Format Version 12.00
# Visual Studio Version 17
VisualStudioVersion = 17.13.35825.156
MinimumVisualStudioVersion = 10.0.40219.1
Project("{2150E333-8FDC-42A3-9474-1A3956D46DE8}") = "Chapter01", "Chapter01", "{DDB4EF12-CC4E-5E88-E6FC-71A802F4DE97}"
EndProject
Project("{FAE04EC0-301F-11D3-BF4B-00C04F79EFBC}") = "ProductSample", "Chapter01\ProductSample\ProductSample.csproj", "{49E154F5-4D6B-45B4-9559-A4FDF9761B99}"
EndProject
Project("{2150E333-8FDC-42A3-9474-1A3956D46DE8}") = "Chapter02", "Chapter02", "{6DE6386A-338F-43E5-9C5D-96D0C9412852}"
EndProject
Project("{FAE04EC0-301F-11D3-BF4B-00C04F79EFBC}") = "DistanceConverter", "Chapter02\DistanceConverter\DistanceConverter.csproj", "{C864BD01-9183-47E9-8BAA-352443FD9E5C}"
EndProject
Project("{2150E333-8FDC-42A3-9474-1A3956D46DE8}") = "演習問題", "演習問題", "{C7F6B1C5-8A38-4012-A596-0FF284E17E24}"
EndProject
Project("{FAE04EC0-301F-11D3-BF4B-00C04F79EFBC}") = "Excercise02", "Chapter02\演習問題\Excercise02\Excercise02.csproj", "{C403C348-4CDF-432A-9E62-8020823CAD9D}"
EndProject
Project("{2150E333-8FDC-42A3-9474-1A3956D46DE8}") = "距離換算プログラム", "距離換算プログラム", "{CF48723F-369A-4E13-9F8E-A136E2C3EF43}"
EndProject
Project("{2150E333-8FDC-42A3-9474-1A3956D46DE8}") = "FormApps", "FormApps", "{B2A6E2D4-7F15-4489-9DF6-CBDC3B2AFC55}"
EndProject
Project("{FAE04EC0-301F-11D3-BF4B-00C04F79EFBC}") = "UnitConverter", "FormApps\UnitConverter\UnitConverter.csproj", "{D403557F-039B-48D3-A70F-C7DBD9B00D41}"
EndProject
Project("{FAE04EC0-301F-11D3-BF4B-00C04F79EFBC}") = "StopWatch", "FormApps\StopWatch\StopWatch.csproj", "{44F15A54-8F72-4207-B2B7-0E497CD750C5}"
EndProject
Project("{2150E333-8FDC-42A3-9474-1A3956D46DE8}") = "売り上げ集計プログラム", "売り上げ集計プログラム", "{DB30E701-5648-4905-A4C9-904607B801F7}"
EndProject
Project("{FAE04EC0-301F-11D3-BF4B-00C04F79EFBC}") = "SalesCalkulator", "Chapter02\SalesCalkulator\SalesCalkulator.csproj", "{D2D96AF2-1036-482E-B85E-DA83D67F9EC3}"
EndProject
Project("{FAE04EC0-301F-11D3-BF4B-00C04F79EFBC}") = "Exercise01", "Chapter02\演習問題\Exercise01\Exercise01.csproj", "{CD12F079-0B30-4E65-8B97-8308A72587F5}"
EndProject
Project("{2150E333-8FDC-42A3-9474-1A3956D46DE8}") = "Chapter03", "Chapter03", "{D6EE4890-41F6-4F0A-8972-1B817E1651C8}"
EndProject
Project("{FAE04EC0-301F-11D3-BF4B-00C04F79EFBC}") = "Section01", "Chapter03\Section01\Section01.csproj", "{C0EABEAB-D2C9-4F96-9585-575E157DF8C1}"
EndProject
Project("{2150E333-8FDC-42A3-9474-1A3956D46DE8}") = "演習問題", "演習問題", "{0306EB0E-E682-4B87-97C8-EE88DD5A23E3}"
EndProject
Project("{FAE04EC0-301F-11D3-BF4B-00C04F79EFBC}") = "Exercise02", "Chapter03\演習問題\Exercise02\Exercise02.csproj", "{CF4152D5-704C-475D-AE25-9E09BED27C5F}"
EndProject
Project("{FAE04EC0-301F-11D3-BF4B-00C04F79EFBC}") = "Section04", "Chapter03\Section04\Section04.csproj", "{45AF751B-AA60-4BA1-9CF2-698668F233EB}"
EndProject
Project("{FAE04EC0-301F-11D3-BF4B-00C04F79EFBC}") = "Exrcise01", "Chapter03\演習問題\Exrcise02\Exrcise01.csproj", "{875272D3-8C21-4C32-BF25-EE7987E3479D}"
EndProject
Project("{2150E333-8FDC-42A3-9474-1A3956D46DE8}") = "Chapter04", "Chapter04", "{5BA11016-1F68-49C8-B659-A68AAEEBA063}"
EndProject
Project("{FAE04EC0-301F-11D3-BF4B-00C04F79EFBC}") = "Section04", "Chapter04\Section04\Section04.csproj", "{D3F68FB2-D83B-44B6-95EE-DC9963E82611}"
EndProject
Project("{2150E333-8FDC-42A3-9474-1A3956D46DE8}") = "演習問題", "演習問題", "{0D77FEEE-840B-4732-A7A8-05563A1A5B01}"
EndProject
Project("{FAE04EC0-301F-11D3-BF4B-00C04F79EFBC}") = "Exercise01", "Chapter04\演習問題\Exercise01\Exercise01.csproj", "{9FC4A7CD-193A-48FF-86E8-5D9735A923AA}"
EndProject
Project("{FAE04EC0-301F-11D3-BF4B-00C04F79EFBC}") = "Exercise02", "Chapter04\演習問題\Exercise02\Exercise02.csproj", "{C0173770-1F48-4249-9446-C8EB8ADF4876}"
EndProject
Project("{2150E333-8FDC-42A3-9474-1A3956D46DE8}") = "LINQ", "LINQ", "{540A7FEB-EE34-4369-AD47-92A756306AB0}"
EndProject
Project("{FAE04EC0-301F-11D3-BF4B-00C04F79EFBC}") = "LinqSample", "LINQ\LinqSample\LinqSample.csproj", "{92402CAB-E383-41C0-B32F-AD5180156571}"
EndProject
Project("{2150E333-8FDC-42A3-9474-1A3956D46DE8}") = "Chapter07", "Chapter07", "{DBE986A2-9E86-4B38-B51C-733378D9ED3D}"
EndProject
Project("{2150E333-8FDC-42A3-9474-1A3956D46DE8}") = "演習問題", "演習問題", "{B4C577A6-6155-4428-982A-87F01205F3B1}"
EndProject
Project("{FAE04EC0-301F-11D3-BF4B-00C04F79EFBC}") = "Exercise01", "Chapter07\演習問題\Exercise01\Exercise01.csproj", "{F8B61EE1-3826-470E-83F0-FC2199AAEC51}"
EndProject
Project("{FAE04EC0-301F-11D3-BF4B-00C04F79EFBC}") = "Section01", "Chapter07\Section01\Section01.csproj", "{90BADB15-BC3B-4E88-BDAA-7AF1D218718B}"
EndProject
Project("{FAE04EC0-301F-11D3-BF4B-00C04F79EFBC}") = "Section05", "Chapter07\Section05\Section05.csproj", "{08E3684C-87DF-4814-97F3-791994BF2575}"
EndProject
Project("{FAE04EC0-301F-11D3-BF4B-00C04F79EFBC}") = "Exercise02", "Chapter07\演習問題\Exercise02\Exercise02.csproj", "{8588C3D7-EC64-44AC-A6EE-E97D82BCC02D}"
EndProject
Project("{2150E333-8FDC-42A3-9474-1A3956D46DE8}") = "Chapter06", "Chapter06", "{9E7588D6-E702-4EA5-B470-2CB51089E849}"
EndProject
Project("{FAE04EC0-301F-11D3-BF4B-00C04F79EFBC}") = "Section01", "Chapter06\Section01\Section01.csproj", "{B0CD21C8-5586-4E46-88AD-1FE238F6379E}"
EndProject
Project("{2150E333-8FDC-42A3-9474-1A3956D46DE8}") = "演習問題", "演習問題", "{CD603624-A452-4791-9341-F97F40AFEC5C}"
EndProject
Project("{FAE04EC0-301F-11D3-BF4B-00C04F79EFBC}") = "Exercise01", "Chapter06\演習問題\Exercise01\Exercise01.csproj", "{7E51492C-1E60-475F-8C28-3CA07E85075D}"
EndProject
Project("{FAE04EC0-301F-11D3-BF4B-00C04F79EFBC}") = "Exercise03", "Chapter06\演習問題\Exercise03\Exercise03.csproj", "{D5960241-976E-432F-A2EE-B863E75BF0D6}"
EndProject
Project("{FAE04EC0-301F-11D3-BF4B-00C04F79EFBC}") = "Exercise04", "Chapter06\演習問題\Exercise04\Exercise04.csproj", "{754B7041-BA1F-4873-BC11-2DC6243393F1}"
EndProject
Project("{FAE04EC0-301F-11D3-BF4B-00C04F79EFBC}") = "Exercise02", "Chapter06\演習問題\Exercise02\Exercise02.csproj", "{6097B2B6-1FC2-4593-8A6D-85DEA9A5B019}"
EndProject
Project("{FAE04EC0-301F-11D3-BF4B-00C04F79EFBC}") = "Section03", "Chapter06\Section03\Section03.csproj", "{AA16EA7A-444D-4FF5-9F21-291F3A7CA08D}"
EndProject
Project("{2150E333-8FDC-42A3-9474-1A3956D46DE8}") = "Chapter05", "Chapter05", "{A55F1EB6-FB55-4A87-8AB6-5EA0444A9E8D}"
EndProject
Project("{2150E333-8FDC-42A3-9474-1A3956D46DE8}") = "演習問題", "演習問題", "{A0AB6452-0EEA-4EFD-B799-359DD36B28C4}"
EndProject
Project("{FAE04EC0-301F-11D3-BF4B-00C04F79EFBC}") = "Section01", "Chapter05\Section01\Section01.csproj", "{DD3208B6-C97B-4B53-A1AE-D26C0632A4DC}"
EndProject
Project("{FAE04EC0-301F-11D3-BF4B-00C04F79EFBC}") = "Section02", "Chapter05\Section02\Section02.csproj", "{02F6E4DF-5B7E-4E58-BA31-7B5904A9427F}"
EndProject
Project("{FAE04EC0-301F-11D3-BF4B-00C04F79EFBC}") = "Exercise01", "Chapter05\演習問題\Exercise01\Exercise01.csproj", "{2AE9A9AC-581C-4A16-A549-1549E1855535}"
EndProject
Project("{FAE04EC0-301F-11D3-BF4B-00C04F79EFBC}") = "Exercise02", "Chapter05\演習問題\Exercise02\Exercise02.csproj", "{3BD47FF2-F4CF-4BDC-BFD4-F99B953098A8}"
EndProject
Project("{2150E333-8FDC-42A3-9474-1A3956D46DE8}") = "Chapter08", "Chapter08", "{3F2A5E5F-4F08-40B9-B103-42A264B7BD82}"
EndProject
Project("{2150E333-8FDC-42A3-9474-1A3956D46DE8}") = "演習問題", "演習問題", "{EBCB78E3-21AA-4621-9C4A-4362A07B777C}"
EndProject
Project("{FAE04EC0-301F-11D3-BF4B-00C04F79EFBC}") = "Exercise01", "Chapter08\演習問題\Exercise01\Exercise01.csproj", "{C8137C0F-E924-4BB8-BED9-165F1A88C5E3}"
EndProject
Global
	GlobalSection(SolutionConfigurationPlatforms) = preSolution
		Debug|Any CPU = Debug|Any CPU
		Release|Any CPU = Release|Any CPU
	EndGlobalSection
	GlobalSection(ProjectConfigurationPlatforms) = postSolution
		{49E154F5-4D6B-45B4-9559-A4FDF9761B99}.Debug|Any CPU.ActiveCfg = Debug|Any CPU
		{49E154F5-4D6B-45B4-9559-A4FDF9761B99}.Debug|Any CPU.Build.0 = Debug|Any CPU
		{49E154F5-4D6B-45B4-9559-A4FDF9761B99}.Release|Any CPU.ActiveCfg = Release|Any CPU
		{49E154F5-4D6B-45B4-9559-A4FDF9761B99}.Release|Any CPU.Build.0 = Release|Any CPU
		{C864BD01-9183-47E9-8BAA-352443FD9E5C}.Debug|Any CPU.ActiveCfg = Debug|Any CPU
		{C864BD01-9183-47E9-8BAA-352443FD9E5C}.Debug|Any CPU.Build.0 = Debug|Any CPU
		{C864BD01-9183-47E9-8BAA-352443FD9E5C}.Release|Any CPU.ActiveCfg = Release|Any CPU
		{C864BD01-9183-47E9-8BAA-352443FD9E5C}.Release|Any CPU.Build.0 = Release|Any CPU
		{C403C348-4CDF-432A-9E62-8020823CAD9D}.Debug|Any CPU.ActiveCfg = Debug|Any CPU
		{C403C348-4CDF-432A-9E62-8020823CAD9D}.Debug|Any CPU.Build.0 = Debug|Any CPU
		{C403C348-4CDF-432A-9E62-8020823CAD9D}.Release|Any CPU.ActiveCfg = Release|Any CPU
		{C403C348-4CDF-432A-9E62-8020823CAD9D}.Release|Any CPU.Build.0 = Release|Any CPU
		{D403557F-039B-48D3-A70F-C7DBD9B00D41}.Debug|Any CPU.ActiveCfg = Debug|Any CPU
		{D403557F-039B-48D3-A70F-C7DBD9B00D41}.Debug|Any CPU.Build.0 = Debug|Any CPU
		{D403557F-039B-48D3-A70F-C7DBD9B00D41}.Release|Any CPU.ActiveCfg = Release|Any CPU
		{D403557F-039B-48D3-A70F-C7DBD9B00D41}.Release|Any CPU.Build.0 = Release|Any CPU
		{44F15A54-8F72-4207-B2B7-0E497CD750C5}.Debug|Any CPU.ActiveCfg = Debug|Any CPU
		{44F15A54-8F72-4207-B2B7-0E497CD750C5}.Debug|Any CPU.Build.0 = Debug|Any CPU
		{44F15A54-8F72-4207-B2B7-0E497CD750C5}.Release|Any CPU.ActiveCfg = Release|Any CPU
		{44F15A54-8F72-4207-B2B7-0E497CD750C5}.Release|Any CPU.Build.0 = Release|Any CPU
		{D2D96AF2-1036-482E-B85E-DA83D67F9EC3}.Debug|Any CPU.ActiveCfg = Debug|Any CPU
		{D2D96AF2-1036-482E-B85E-DA83D67F9EC3}.Debug|Any CPU.Build.0 = Debug|Any CPU
		{D2D96AF2-1036-482E-B85E-DA83D67F9EC3}.Release|Any CPU.ActiveCfg = Release|Any CPU
		{D2D96AF2-1036-482E-B85E-DA83D67F9EC3}.Release|Any CPU.Build.0 = Release|Any CPU
		{CD12F079-0B30-4E65-8B97-8308A72587F5}.Debug|Any CPU.ActiveCfg = Debug|Any CPU
		{CD12F079-0B30-4E65-8B97-8308A72587F5}.Debug|Any CPU.Build.0 = Debug|Any CPU
		{CD12F079-0B30-4E65-8B97-8308A72587F5}.Release|Any CPU.ActiveCfg = Release|Any CPU
		{CD12F079-0B30-4E65-8B97-8308A72587F5}.Release|Any CPU.Build.0 = Release|Any CPU
		{C0EABEAB-D2C9-4F96-9585-575E157DF8C1}.Debug|Any CPU.ActiveCfg = Debug|Any CPU
		{C0EABEAB-D2C9-4F96-9585-575E157DF8C1}.Debug|Any CPU.Build.0 = Debug|Any CPU
		{C0EABEAB-D2C9-4F96-9585-575E157DF8C1}.Release|Any CPU.ActiveCfg = Release|Any CPU
		{C0EABEAB-D2C9-4F96-9585-575E157DF8C1}.Release|Any CPU.Build.0 = Release|Any CPU
		{CF4152D5-704C-475D-AE25-9E09BED27C5F}.Debug|Any CPU.ActiveCfg = Debug|Any CPU
		{CF4152D5-704C-475D-AE25-9E09BED27C5F}.Debug|Any CPU.Build.0 = Debug|Any CPU
		{CF4152D5-704C-475D-AE25-9E09BED27C5F}.Release|Any CPU.ActiveCfg = Release|Any CPU
		{CF4152D5-704C-475D-AE25-9E09BED27C5F}.Release|Any CPU.Build.0 = Release|Any CPU
		{45AF751B-AA60-4BA1-9CF2-698668F233EB}.Debug|Any CPU.ActiveCfg = Debug|Any CPU
		{45AF751B-AA60-4BA1-9CF2-698668F233EB}.Debug|Any CPU.Build.0 = Debug|Any CPU
		{45AF751B-AA60-4BA1-9CF2-698668F233EB}.Release|Any CPU.ActiveCfg = Release|Any CPU
		{45AF751B-AA60-4BA1-9CF2-698668F233EB}.Release|Any CPU.Build.0 = Release|Any CPU
		{875272D3-8C21-4C32-BF25-EE7987E3479D}.Debug|Any CPU.ActiveCfg = Debug|Any CPU
		{875272D3-8C21-4C32-BF25-EE7987E3479D}.Debug|Any CPU.Build.0 = Debug|Any CPU
		{875272D3-8C21-4C32-BF25-EE7987E3479D}.Release|Any CPU.ActiveCfg = Release|Any CPU
		{875272D3-8C21-4C32-BF25-EE7987E3479D}.Release|Any CPU.Build.0 = Release|Any CPU
		{D3F68FB2-D83B-44B6-95EE-DC9963E82611}.Debug|Any CPU.ActiveCfg = Debug|Any CPU
		{D3F68FB2-D83B-44B6-95EE-DC9963E82611}.Debug|Any CPU.Build.0 = Debug|Any CPU
		{D3F68FB2-D83B-44B6-95EE-DC9963E82611}.Release|Any CPU.ActiveCfg = Release|Any CPU
		{D3F68FB2-D83B-44B6-95EE-DC9963E82611}.Release|Any CPU.Build.0 = Release|Any CPU
		{9FC4A7CD-193A-48FF-86E8-5D9735A923AA}.Debug|Any CPU.ActiveCfg = Debug|Any CPU
		{9FC4A7CD-193A-48FF-86E8-5D9735A923AA}.Debug|Any CPU.Build.0 = Debug|Any CPU
		{9FC4A7CD-193A-48FF-86E8-5D9735A923AA}.Release|Any CPU.ActiveCfg = Release|Any CPU
		{9FC4A7CD-193A-48FF-86E8-5D9735A923AA}.Release|Any CPU.Build.0 = Release|Any CPU
		{C0173770-1F48-4249-9446-C8EB8ADF4876}.Debug|Any CPU.ActiveCfg = Debug|Any CPU
		{C0173770-1F48-4249-9446-C8EB8ADF4876}.Debug|Any CPU.Build.0 = Debug|Any CPU
		{C0173770-1F48-4249-9446-C8EB8ADF4876}.Release|Any CPU.ActiveCfg = Release|Any CPU
		{C0173770-1F48-4249-9446-C8EB8ADF4876}.Release|Any CPU.Build.0 = Release|Any CPU
		{92402CAB-E383-41C0-B32F-AD5180156571}.Debug|Any CPU.ActiveCfg = Debug|Any CPU
		{92402CAB-E383-41C0-B32F-AD5180156571}.Debug|Any CPU.Build.0 = Debug|Any CPU
		{92402CAB-E383-41C0-B32F-AD5180156571}.Release|Any CPU.ActiveCfg = Release|Any CPU
		{92402CAB-E383-41C0-B32F-AD5180156571}.Release|Any CPU.Build.0 = Release|Any CPU
		{F8B61EE1-3826-470E-83F0-FC2199AAEC51}.Debug|Any CPU.ActiveCfg = Debug|Any CPU
		{F8B61EE1-3826-470E-83F0-FC2199AAEC51}.Debug|Any CPU.Build.0 = Debug|Any CPU
		{F8B61EE1-3826-470E-83F0-FC2199AAEC51}.Release|Any CPU.ActiveCfg = Release|Any CPU
		{F8B61EE1-3826-470E-83F0-FC2199AAEC51}.Release|Any CPU.Build.0 = Release|Any CPU
		{90BADB15-BC3B-4E88-BDAA-7AF1D218718B}.Debug|Any CPU.ActiveCfg = Debug|Any CPU
		{90BADB15-BC3B-4E88-BDAA-7AF1D218718B}.Debug|Any CPU.Build.0 = Debug|Any CPU
		{90BADB15-BC3B-4E88-BDAA-7AF1D218718B}.Release|Any CPU.ActiveCfg = Release|Any CPU
		{90BADB15-BC3B-4E88-BDAA-7AF1D218718B}.Release|Any CPU.Build.0 = Release|Any CPU
		{08E3684C-87DF-4814-97F3-791994BF2575}.Debug|Any CPU.ActiveCfg = Debug|Any CPU
		{08E3684C-87DF-4814-97F3-791994BF2575}.Debug|Any CPU.Build.0 = Debug|Any CPU
		{08E3684C-87DF-4814-97F3-791994BF2575}.Release|Any CPU.ActiveCfg = Release|Any CPU
		{08E3684C-87DF-4814-97F3-791994BF2575}.Release|Any CPU.Build.0 = Release|Any CPU
		{8588C3D7-EC64-44AC-A6EE-E97D82BCC02D}.Debug|Any CPU.ActiveCfg = Debug|Any CPU
		{8588C3D7-EC64-44AC-A6EE-E97D82BCC02D}.Debug|Any CPU.Build.0 = Debug|Any CPU
		{8588C3D7-EC64-44AC-A6EE-E97D82BCC02D}.Release|Any CPU.ActiveCfg = Release|Any CPU
		{8588C3D7-EC64-44AC-A6EE-E97D82BCC02D}.Release|Any CPU.Build.0 = Release|Any CPU
		{B0CD21C8-5586-4E46-88AD-1FE238F6379E}.Debug|Any CPU.ActiveCfg = Debug|Any CPU
		{B0CD21C8-5586-4E46-88AD-1FE238F6379E}.Debug|Any CPU.Build.0 = Debug|Any CPU
		{B0CD21C8-5586-4E46-88AD-1FE238F6379E}.Release|Any CPU.ActiveCfg = Release|Any CPU
		{B0CD21C8-5586-4E46-88AD-1FE238F6379E}.Release|Any CPU.Build.0 = Release|Any CPU
		{7E51492C-1E60-475F-8C28-3CA07E85075D}.Debug|Any CPU.ActiveCfg = Debug|Any CPU
		{7E51492C-1E60-475F-8C28-3CA07E85075D}.Debug|Any CPU.Build.0 = Debug|Any CPU
		{7E51492C-1E60-475F-8C28-3CA07E85075D}.Release|Any CPU.ActiveCfg = Release|Any CPU
		{7E51492C-1E60-475F-8C28-3CA07E85075D}.Release|Any CPU.Build.0 = Release|Any CPU
		{D5960241-976E-432F-A2EE-B863E75BF0D6}.Debug|Any CPU.ActiveCfg = Debug|Any CPU
		{D5960241-976E-432F-A2EE-B863E75BF0D6}.Debug|Any CPU.Build.0 = Debug|Any CPU
		{D5960241-976E-432F-A2EE-B863E75BF0D6}.Release|Any CPU.ActiveCfg = Release|Any CPU
		{D5960241-976E-432F-A2EE-B863E75BF0D6}.Release|Any CPU.Build.0 = Release|Any CPU
		{754B7041-BA1F-4873-BC11-2DC6243393F1}.Debug|Any CPU.ActiveCfg = Debug|Any CPU
		{754B7041-BA1F-4873-BC11-2DC6243393F1}.Debug|Any CPU.Build.0 = Debug|Any CPU
		{754B7041-BA1F-4873-BC11-2DC6243393F1}.Release|Any CPU.ActiveCfg = Release|Any CPU
		{754B7041-BA1F-4873-BC11-2DC6243393F1}.Release|Any CPU.Build.0 = Release|Any CPU
		{6097B2B6-1FC2-4593-8A6D-85DEA9A5B019}.Debug|Any CPU.ActiveCfg = Debug|Any CPU
		{6097B2B6-1FC2-4593-8A6D-85DEA9A5B019}.Debug|Any CPU.Build.0 = Debug|Any CPU
		{6097B2B6-1FC2-4593-8A6D-85DEA9A5B019}.Release|Any CPU.ActiveCfg = Release|Any CPU
		{6097B2B6-1FC2-4593-8A6D-85DEA9A5B019}.Release|Any CPU.Build.0 = Release|Any CPU
		{AA16EA7A-444D-4FF5-9F21-291F3A7CA08D}.Debug|Any CPU.ActiveCfg = Debug|Any CPU
		{AA16EA7A-444D-4FF5-9F21-291F3A7CA08D}.Debug|Any CPU.Build.0 = Debug|Any CPU
		{AA16EA7A-444D-4FF5-9F21-291F3A7CA08D}.Release|Any CPU.ActiveCfg = Release|Any CPU
		{AA16EA7A-444D-4FF5-9F21-291F3A7CA08D}.Release|Any CPU.Build.0 = Release|Any CPU
		{DD3208B6-C97B-4B53-A1AE-D26C0632A4DC}.Debug|Any CPU.ActiveCfg = Debug|Any CPU
		{DD3208B6-C97B-4B53-A1AE-D26C0632A4DC}.Debug|Any CPU.Build.0 = Debug|Any CPU
		{DD3208B6-C97B-4B53-A1AE-D26C0632A4DC}.Release|Any CPU.ActiveCfg = Release|Any CPU
		{DD3208B6-C97B-4B53-A1AE-D26C0632A4DC}.Release|Any CPU.Build.0 = Release|Any CPU
		{02F6E4DF-5B7E-4E58-BA31-7B5904A9427F}.Debug|Any CPU.ActiveCfg = Debug|Any CPU
		{02F6E4DF-5B7E-4E58-BA31-7B5904A9427F}.Debug|Any CPU.Build.0 = Debug|Any CPU
		{02F6E4DF-5B7E-4E58-BA31-7B5904A9427F}.Release|Any CPU.ActiveCfg = Release|Any CPU
		{02F6E4DF-5B7E-4E58-BA31-7B5904A9427F}.Release|Any CPU.Build.0 = Release|Any CPU
		{2AE9A9AC-581C-4A16-A549-1549E1855535}.Debug|Any CPU.ActiveCfg = Debug|Any CPU
		{2AE9A9AC-581C-4A16-A549-1549E1855535}.Debug|Any CPU.Build.0 = Debug|Any CPU
		{2AE9A9AC-581C-4A16-A549-1549E1855535}.Release|Any CPU.ActiveCfg = Release|Any CPU
		{2AE9A9AC-581C-4A16-A549-1549E1855535}.Release|Any CPU.Build.0 = Release|Any CPU
		{3BD47FF2-F4CF-4BDC-BFD4-F99B953098A8}.Debug|Any CPU.ActiveCfg = Debug|Any CPU
		{3BD47FF2-F4CF-4BDC-BFD4-F99B953098A8}.Debug|Any CPU.Build.0 = Debug|Any CPU
		{3BD47FF2-F4CF-4BDC-BFD4-F99B953098A8}.Release|Any CPU.ActiveCfg = Release|Any CPU
		{3BD47FF2-F4CF-4BDC-BFD4-F99B953098A8}.Release|Any CPU.Build.0 = Release|Any CPU
		{C8137C0F-E924-4BB8-BED9-165F1A88C5E3}.Debug|Any CPU.ActiveCfg = Debug|Any CPU
		{C8137C0F-E924-4BB8-BED9-165F1A88C5E3}.Debug|Any CPU.Build.0 = Debug|Any CPU
		{C8137C0F-E924-4BB8-BED9-165F1A88C5E3}.Release|Any CPU.ActiveCfg = Release|Any CPU
		{C8137C0F-E924-4BB8-BED9-165F1A88C5E3}.Release|Any CPU.Build.0 = Release|Any CPU
	EndGlobalSection
	GlobalSection(SolutionProperties) = preSolution
		HideSolutionNode = FALSE
	EndGlobalSection
	GlobalSection(NestedProjects) = preSolution
		{49E154F5-4D6B-45B4-9559-A4FDF9761B99} = {DDB4EF12-CC4E-5E88-E6FC-71A802F4DE97}
		{C864BD01-9183-47E9-8BAA-352443FD9E5C} = {6DE6386A-338F-43E5-9C5D-96D0C9412852}
		{C7F6B1C5-8A38-4012-A596-0FF284E17E24} = {6DE6386A-338F-43E5-9C5D-96D0C9412852}
		{C403C348-4CDF-432A-9E62-8020823CAD9D} = {C7F6B1C5-8A38-4012-A596-0FF284E17E24}
		{CF48723F-369A-4E13-9F8E-A136E2C3EF43} = {6DE6386A-338F-43E5-9C5D-96D0C9412852}
		{D403557F-039B-48D3-A70F-C7DBD9B00D41} = {B2A6E2D4-7F15-4489-9DF6-CBDC3B2AFC55}
		{44F15A54-8F72-4207-B2B7-0E497CD750C5} = {B2A6E2D4-7F15-4489-9DF6-CBDC3B2AFC55}
		{DB30E701-5648-4905-A4C9-904607B801F7} = {6DE6386A-338F-43E5-9C5D-96D0C9412852}
		{D2D96AF2-1036-482E-B85E-DA83D67F9EC3} = {DB30E701-5648-4905-A4C9-904607B801F7}
		{CD12F079-0B30-4E65-8B97-8308A72587F5} = {C7F6B1C5-8A38-4012-A596-0FF284E17E24}
		{C0EABEAB-D2C9-4F96-9585-575E157DF8C1} = {D6EE4890-41F6-4F0A-8972-1B817E1651C8}
		{0306EB0E-E682-4B87-97C8-EE88DD5A23E3} = {D6EE4890-41F6-4F0A-8972-1B817E1651C8}
		{CF4152D5-704C-475D-AE25-9E09BED27C5F} = {0306EB0E-E682-4B87-97C8-EE88DD5A23E3}
		{45AF751B-AA60-4BA1-9CF2-698668F233EB} = {D6EE4890-41F6-4F0A-8972-1B817E1651C8}
		{875272D3-8C21-4C32-BF25-EE7987E3479D} = {0306EB0E-E682-4B87-97C8-EE88DD5A23E3}
		{D3F68FB2-D83B-44B6-95EE-DC9963E82611} = {5BA11016-1F68-49C8-B659-A68AAEEBA063}
		{0D77FEEE-840B-4732-A7A8-05563A1A5B01} = {5BA11016-1F68-49C8-B659-A68AAEEBA063}
		{9FC4A7CD-193A-48FF-86E8-5D9735A923AA} = {0D77FEEE-840B-4732-A7A8-05563A1A5B01}
		{C0173770-1F48-4249-9446-C8EB8ADF4876} = {0D77FEEE-840B-4732-A7A8-05563A1A5B01}
		{92402CAB-E383-41C0-B32F-AD5180156571} = {540A7FEB-EE34-4369-AD47-92A756306AB0}
		{B4C577A6-6155-4428-982A-87F01205F3B1} = {DBE986A2-9E86-4B38-B51C-733378D9ED3D}
		{F8B61EE1-3826-470E-83F0-FC2199AAEC51} = {B4C577A6-6155-4428-982A-87F01205F3B1}
		{90BADB15-BC3B-4E88-BDAA-7AF1D218718B} = {DBE986A2-9E86-4B38-B51C-733378D9ED3D}
		{08E3684C-87DF-4814-97F3-791994BF2575} = {DBE986A2-9E86-4B38-B51C-733378D9ED3D}
		{8588C3D7-EC64-44AC-A6EE-E97D82BCC02D} = {B4C577A6-6155-4428-982A-87F01205F3B1}
		{B0CD21C8-5586-4E46-88AD-1FE238F6379E} = {9E7588D6-E702-4EA5-B470-2CB51089E849}
		{CD603624-A452-4791-9341-F97F40AFEC5C} = {9E7588D6-E702-4EA5-B470-2CB51089E849}
		{7E51492C-1E60-475F-8C28-3CA07E85075D} = {CD603624-A452-4791-9341-F97F40AFEC5C}
		{D5960241-976E-432F-A2EE-B863E75BF0D6} = {CD603624-A452-4791-9341-F97F40AFEC5C}
		{754B7041-BA1F-4873-BC11-2DC6243393F1} = {CD603624-A452-4791-9341-F97F40AFEC5C}
		{6097B2B6-1FC2-4593-8A6D-85DEA9A5B019} = {CD603624-A452-4791-9341-F97F40AFEC5C}
		{AA16EA7A-444D-4FF5-9F21-291F3A7CA08D} = {9E7588D6-E702-4EA5-B470-2CB51089E849}
		{A0AB6452-0EEA-4EFD-B799-359DD36B28C4} = {A55F1EB6-FB55-4A87-8AB6-5EA0444A9E8D}
		{DD3208B6-C97B-4B53-A1AE-D26C0632A4DC} = {A55F1EB6-FB55-4A87-8AB6-5EA0444A9E8D}
		{02F6E4DF-5B7E-4E58-BA31-7B5904A9427F} = {A55F1EB6-FB55-4A87-8AB6-5EA0444A9E8D}
		{2AE9A9AC-581C-4A16-A549-1549E1855535} = {A0AB6452-0EEA-4EFD-B799-359DD36B28C4}
		{3BD47FF2-F4CF-4BDC-BFD4-F99B953098A8} = {A0AB6452-0EEA-4EFD-B799-359DD36B28C4}
		{EBCB78E3-21AA-4621-9C4A-4362A07B777C} = {3F2A5E5F-4F08-40B9-B103-42A264B7BD82}
		{C8137C0F-E924-4BB8-BED9-165F1A88C5E3} = {EBCB78E3-21AA-4621-9C4A-4362A07B777C}
	EndGlobalSection
	GlobalSection(ExtensibilityGlobals) = postSolution
		SolutionGuid = {8E7C25D3-AAFF-407A-8807-F9D5E67F9161}
	EndGlobalSection
EndGlobal
