
Microsoft Visual Studio Solution File, Format Version 12.00
# Visual Studio Version 17
VisualStudioVersion = 17.13.35825.156
MinimumVisualStudioVersion = 10.0.40219.1
Project("{2150E333-8FDC-42A3-9474-1A3956D46DE8}") = "Chapter01", "Chapter01", "{DDB4EF12-CC4E-5E88-E6FC-71A802F4DE97}"
EndProject
Project("{FAE04EC0-301F-11D3-BF4B-00C04F79EFBC}") = "ProductSample", "Chapter01\ProductSample\ProductSample.csproj", "{49E154F5-4D6B-45B4-9559-A4FDF9761B99}"
EndProject
Project("{2150E333-8FDC-42A3-9474-1A3956D46DE8}") = "Chapter02", "Chapter02", "{6DE6386A-338F-43E5-9C5D-96D0C9412852}"
EndProject
Project("{FAE04EC0-301F-11D3-BF4B-00C04F79EFBC}") = "DistanceConverter", "Chapter02\DistanceConverter\DistanceConverter.csproj", "{C864BD01-9183-47E9-8BAA-352443FD9E5C}"
EndProject
Project("{2150E333-8FDC-42A3-9474-1A3956D46DE8}") = "演習問題", "演習問題", "{C7F6B1C5-8A38-4012-A596-0FF284E17E24}"
EndProject
Project("{FAE04EC0-301F-11D3-BF4B-00C04F79EFBC}") = "Excercise02", "Chapter02\演習問題\Excercise02\Excercise02.csproj", "{C403C348-4CDF-432A-9E62-8020823CAD9D}"
EndProject
Project("{2150E333-8FDC-42A3-9474-1A3956D46DE8}") = "距離換算プログラム", "距離換算プログラム", "{CF48723F-369A-4E13-9F8E-A136E2C3EF43}"
EndProject
Project("{2150E333-8FDC-42A3-9474-1A3956D46DE8}") = "FormApps", "FormApps", "{B2A6E2D4-7F15-4489-9DF6-CBDC3B2AFC55}"
EndProject
Project("{FAE04EC0-301F-11D3-BF4B-00C04F79EFBC}") = "UnitConverter", "FormApps\UnitConverter\UnitConverter.csproj", "{D403557F-039B-48D3-A70F-C7DBD9B00D41}"
EndProject
Project("{FAE04EC0-301F-11D3-BF4B-00C04F79EFBC}") = "StopWatch", "FormApps\StopWatch\StopWatch.csproj", "{44F15A54-8F72-4207-B2B7-0E497CD750C5}"
EndProject
Global
	GlobalSection(SolutionConfigurationPlatforms) = preSolution
		Debug|Any CPU = Debug|Any CPU
		Release|Any CPU = Release|Any CPU
	EndGlobalSection
	GlobalSection(ProjectConfigurationPlatforms) = postSolution
		{49E154F5-4D6B-45B4-9559-A4FDF9761B99}.Debug|Any CPU.ActiveCfg = Debug|Any CPU
		{49E154F5-4D6B-45B4-9559-A4FDF9761B99}.Debug|Any CPU.Build.0 = Debug|Any CPU
		{49E154F5-4D6B-45B4-9559-A4FDF9761B99}.Release|Any CPU.ActiveCfg = Release|Any CPU
		{49E154F5-4D6B-45B4-9559-A4FDF9761B99}.Release|Any CPU.Build.0 = Release|Any CPU
		{C864BD01-9183-47E9-8BAA-352443FD9E5C}.Debug|Any CPU.ActiveCfg = Debug|Any CPU
		{C864BD01-9183-47E9-8BAA-352443FD9E5C}.Debug|Any CPU.Build.0 = Debug|Any CPU
		{C864BD01-9183-47E9-8BAA-352443FD9E5C}.Release|Any CPU.ActiveCfg = Release|Any CPU
		{C864BD01-9183-47E9-8BAA-352443FD9E5C}.Release|Any CPU.Build.0 = Release|Any CPU
		{C403C348-4CDF-432A-9E62-8020823CAD9D}.Debug|Any CPU.ActiveCfg = Debug|Any CPU
		{C403C348-4CDF-432A-9E62-8020823CAD9D}.Debug|Any CPU.Build.0 = Debug|Any CPU
		{C403C348-4CDF-432A-9E62-8020823CAD9D}.Release|Any CPU.ActiveCfg = Release|Any CPU
		{C403C348-4CDF-432A-9E62-8020823CAD9D}.Release|Any CPU.Build.0 = Release|Any CPU
		{D403557F-039B-48D3-A70F-C7DBD9B00D41}.Debug|Any CPU.ActiveCfg = Debug|Any CPU
		{D403557F-039B-48D3-A70F-C7DBD9B00D41}.Debug|Any CPU.Build.0 = Debug|Any CPU
		{D403557F-039B-48D3-A70F-C7DBD9B00D41}.Release|Any CPU.ActiveCfg = Release|Any CPU
		{D403557F-039B-48D3-A70F-C7DBD9B00D41}.Release|Any CPU.Build.0 = Release|Any CPU
		{44F15A54-8F72-4207-B2B7-0E497CD750C5}.Debug|Any CPU.ActiveCfg = Debug|Any CPU
		{44F15A54-8F72-4207-B2B7-0E497CD750C5}.Debug|Any CPU.Build.0 = Debug|Any CPU
		{44F15A54-8F72-4207-B2B7-0E497CD750C5}.Release|Any CPU.ActiveCfg = Release|Any CPU
		{44F15A54-8F72-4207-B2B7-0E497CD750C5}.Release|Any CPU.Build.0 = Release|Any CPU
	EndGlobalSection
	GlobalSection(SolutionProperties) = preSolution
		HideSolutionNode = FALSE
	EndGlobalSection
	GlobalSection(NestedProjects) = preSolution
		{49E154F5-4D6B-45B4-9559-A4FDF9761B99} = {DDB4EF12-CC4E-5E88-E6FC-71A802F4DE97}
		{C864BD01-9183-47E9-8BAA-352443FD9E5C} = {6DE6386A-338F-43E5-9C5D-96D0C9412852}
		{C7F6B1C5-8A38-4012-A596-0FF284E17E24} = {6DE6386A-338F-43E5-9C5D-96D0C9412852}
		{C403C348-4CDF-432A-9E62-8020823CAD9D} = {C7F6B1C5-8A38-4012-A596-0FF284E17E24}
		{CF48723F-369A-4E13-9F8E-A136E2C3EF43} = {6DE6386A-338F-43E5-9C5D-96D0C9412852}
		{D403557F-039B-48D3-A70F-C7DBD9B00D41} = {B2A6E2D4-7F15-4489-9DF6-CBDC3B2AFC55}
		{44F15A54-8F72-4207-B2B7-0E497CD750C5} = {B2A6E2D4-7F15-4489-9DF6-CBDC3B2AFC55}
	EndGlobalSection
	GlobalSection(ExtensibilityGlobals) = postSolution
		SolutionGuid = {8E7C25D3-AAFF-407A-8807-F9D5E67F9161}
	EndGlobalSection
EndGlobal
